// !$*UTF8*$!
{
	archiveVersion = 1;
	classes = {
	};
	objectVersion = 46;
	objects = {

/* Begin PBXBuildFile section */
		0DD221EAC7B2690BDE637D84 /* libPods.a in Frameworks */ = {isa = PBXBuildFile; fileRef = 7AF1FB2A8C4A8673EF3998F1 /* libPods.a */; };
		58219EF51B38A2E000A9541A /* BZRNetworkManager.m in Sources */ = {isa = PBXBuildFile; fileRef = 58219EF41B38A2E000A9541A /* BZRNetworkManager.m */; };
		58219EF91B38A2EE00A9541A /* BZRDataManager.m in Sources */ = {isa = PBXBuildFile; fileRef = 58219EF81B38A2EE00A9541A /* BZRDataManager.m */; };
		58219EFC1B38A30300A9541A /* BZRValidator.m in Sources */ = {isa = PBXBuildFile; fileRef = 58219EFB1B38A30300A9541A /* BZRValidator.m */; };
		58219F021B38A32700A9541A /* BZRAlertMessageService.m in Sources */ = {isa = PBXBuildFile; fileRef = 58219F011B38A32700A9541A /* BZRAlertMessageService.m */; };
		58219F051B38A33E00A9541A /* UIViewController+fixOrientation.m in Sources */ = {isa = PBXBuildFile; fileRef = 58219F041B38A33E00A9541A /* UIViewController+fixOrientation.m */; };
		58219F0A1B38A37600A9541A /* UIView+Shaking.m in Sources */ = {isa = PBXBuildFile; fileRef = 58219F091B38A37600A9541A /* UIView+Shaking.m */; };
		58219F0D1B38A38600A9541A /* UIView+MakeFromXib.m in Sources */ = {isa = PBXBuildFile; fileRef = 58219F0C1B38A38600A9541A /* UIView+MakeFromXib.m */; };
		58219F111B38A3B200A9541A /* UIImagePickerController+fixOrientation.m in Sources */ = {isa = PBXBuildFile; fileRef = 58219F101B38A3B200A9541A /* UIImagePickerController+fixOrientation.m */; };
		58219F151B38A3D700A9541A /* NSString+ContainsString.m in Sources */ = {isa = PBXBuildFile; fileRef = 58219F141B38A3D700A9541A /* NSString+ContainsString.m */; };
		58219F191B38A3F600A9541A /* NSDictionary+JSONRepresentation.m in Sources */ = {isa = PBXBuildFile; fileRef = 58219F181B38A3F600A9541A /* NSDictionary+JSONRepresentation.m */; };
		58219F1C1B38A58300A9541A /* Foundation.framework in Frameworks */ = {isa = PBXBuildFile; fileRef = 58219F1B1B38A58300A9541A /* Foundation.framework */; };
		58219F1E1B38A58900A9541A /* UIKit.framework in Frameworks */ = {isa = PBXBuildFile; fileRef = 58219F1D1B38A58900A9541A /* UIKit.framework */; };
		58219F201B38A59000A9541A /* Security.framework in Frameworks */ = {isa = PBXBuildFile; fileRef = 58219F1F1B38A59000A9541A /* Security.framework */; };
		58219F221B38A59F00A9541A /* CoreGraphics.framework in Frameworks */ = {isa = PBXBuildFile; fileRef = 58219F211B38A59F00A9541A /* CoreGraphics.framework */; };
		58219F241B38A5A600A9541A /* QuartzCore.framework in Frameworks */ = {isa = PBXBuildFile; fileRef = 58219F231B38A5A600A9541A /* QuartzCore.framework */; };
		585813AA1B3BEDCC0087AEE2 /* BZRUserToken.m in Sources */ = {isa = PBXBuildFile; fileRef = 585813A91B3BEDCC0087AEE2 /* BZRUserToken.m */; };
		585813AE1B3C23840087AEE2 /* BZRSurvey.m in Sources */ = {isa = PBXBuildFile; fileRef = 585813AD1B3C23840087AEE2 /* BZRSurvey.m */; };
		586ED0D11B46E8F500FEB250 /* UIView+SoftRemoving.m in Sources */ = {isa = PBXBuildFile; fileRef = 586ED0D01B46E8F500FEB250 /* UIView+SoftRemoving.m */; };
		5878D3DD1B43F92100A917D0 /* BZRReachabilityHelper.m in Sources */ = {isa = PBXBuildFile; fileRef = 5878D3DC1B43F92100A917D0 /* BZRReachabilityHelper.m */; };
		5878D3E11B4426E000A917D0 /* BZRCommonDateFormatter.m in Sources */ = {isa = PBXBuildFile; fileRef = 5878D3E01B4426DF00A917D0 /* BZRCommonDateFormatter.m */; };
		5894208B1B450FF6004BAF48 /* BZRAccountSettingsContaiterController.m in Sources */ = {isa = PBXBuildFile; fileRef = 5894208A1B450FF6004BAF48 /* BZRAccountSettingsContaiterController.m */; };
		589420931B451D79004BAF48 /* AppDelegate.m in Sources */ = {isa = PBXBuildFile; fileRef = 589420921B451D79004BAF48 /* AppDelegate.m */; };
		589420981B451D87004BAF48 /* main.m in Sources */ = {isa = PBXBuildFile; fileRef = 589420961B451D87004BAF48 /* main.m */; };
		5894209D1B451E0F004BAF48 /* BZRBirthDatePickerView.m in Sources */ = {isa = PBXBuildFile; fileRef = 5894209B1B451E0F004BAF48 /* BZRBirthDatePickerView.m */; };
		5894209E1B451E0F004BAF48 /* BZRBirthDatePickerView.xib in Resources */ = {isa = PBXBuildFile; fileRef = 5894209C1B451E0F004BAF48 /* BZRBirthDatePickerView.xib */; };
		589420A11B451E35004BAF48 /* BZRPickerHolder.m in Sources */ = {isa = PBXBuildFile; fileRef = 589420A01B451E35004BAF48 /* BZRPickerHolder.m */; };
		589420A51B45278E004BAF48 /* BZRPickersHelper.m in Sources */ = {isa = PBXBuildFile; fileRef = 589420A41B45278E004BAF48 /* BZRPickersHelper.m */; };
		589420A91B452813004BAF48 /* BZRCommonPickerView.m in Sources */ = {isa = PBXBuildFile; fileRef = 589420A81B452813004BAF48 /* BZRCommonPickerView.m */; };
		589420AB1B452827004BAF48 /* BZRCommonPickerView.xib in Resources */ = {isa = PBXBuildFile; fileRef = 589420AA1B452827004BAF48 /* BZRCommonPickerView.xib */; };
		589420AE1B4529C8004BAF48 /* BZRZeroInsetsSeparatorCell.m in Sources */ = {isa = PBXBuildFile; fileRef = 589420AD1B4529C8004BAF48 /* BZRZeroInsetsSeparatorCell.m */; };
		589420B11B4567B2004BAF48 /* BZREditProfileContainerController.m in Sources */ = {isa = PBXBuildFile; fileRef = 589420B01B4567B2004BAF48 /* BZREditProfileContainerController.m */; };
		5899D2541B4AB94200565F11 /* BZRApplicationToken.m in Sources */ = {isa = PBXBuildFile; fileRef = 5899D2531B4AB94200565F11 /* BZRApplicationToken.m */; };
		58A0B21E1B3854CF003C100C /* Main.storyboard in Resources */ = {isa = PBXBuildFile; fileRef = 58A0B21C1B3854CF003C100C /* Main.storyboard */; };
		58A0B2201B3854CF003C100C /* Images.xcassets in Resources */ = {isa = PBXBuildFile; fileRef = 58A0B21F1B3854CF003C100C /* Images.xcassets */; };
		58A0B22F1B3854CF003C100C /* BizrateRewardsTests.m in Sources */ = {isa = PBXBuildFile; fileRef = 58A0B22E1B3854CF003C100C /* BizrateRewardsTests.m */; };
		58A59E251B3EDFDC00A5F30C /* BZRGeolocationAccessController.m in Sources */ = {isa = PBXBuildFile; fileRef = 58A59E241B3EDFDC00A5F30C /* BZRGeolocationAccessController.m */; };
		58A59E281B3EE00B00A5F30C /* BZRPushNotificationsAccessController.m in Sources */ = {isa = PBXBuildFile; fileRef = 58A59E271B3EE00B00A5F30C /* BZRPushNotificationsAccessController.m */; };
		58A59E2C1B3EE91000A5F30C /* BZRFinishTutorialController.m in Sources */ = {isa = PBXBuildFile; fileRef = 58A59E2B1B3EE91000A5F30C /* BZRFinishTutorialController.m */; };
		58A59E301B3EE93F00A5F30C /* BZRAccountSettingsController.m in Sources */ = {isa = PBXBuildFile; fileRef = 58A59E2F1B3EE93F00A5F30C /* BZRAccountSettingsController.m */; };
		58A59E341B3EE96700A5F30C /* BZREditProfileController.m in Sources */ = {isa = PBXBuildFile; fileRef = 58A59E331B3EE96700A5F30C /* BZREditProfileController.m */; };
		58A59E381B3EE99400A5F30C /* BZRGiftCardsListController.m in Sources */ = {isa = PBXBuildFile; fileRef = 58A59E371B3EE99400A5F30C /* BZRGiftCardsListController.m */; };
		58A59E3C1B3EE9E300A5F30C /* BZRSurveyViewController.m in Sources */ = {isa = PBXBuildFile; fileRef = 58A59E3B1B3EE9E300A5F30C /* BZRSurveyViewController.m */; };
		58A5BEBA1B414ADC00B2BC27 /* BZRLeftImageTextField.m in Sources */ = {isa = PBXBuildFile; fileRef = 58A5BEB91B414ADC00B2BC27 /* BZRLeftImageTextField.m */; };
		58A5BEBD1B414B1800B2BC27 /* BZRBorderedTextField.m in Sources */ = {isa = PBXBuildFile; fileRef = 58A5BEBC1B414B1800B2BC27 /* BZRBorderedTextField.m */; };
		58A5BEC01B415C2F00B2BC27 /* BZRCheckBoxButton.m in Sources */ = {isa = PBXBuildFile; fileRef = 58A5BEBF1B415C2F00B2BC27 /* BZRCheckBoxButton.m */; };
		58A5BEC41B415C7000B2BC27 /* BZRStarView.m in Sources */ = {isa = PBXBuildFile; fileRef = 58A5BEC31B415C7000B2BC27 /* BZRStarView.m */; };
		58A7E23A1B45A3A200A1489A /* UIView+ConfigureAnchorPoint.m in Sources */ = {isa = PBXBuildFile; fileRef = 58A7E2391B45A3A200A1489A /* UIView+ConfigureAnchorPoint.m */; };
		58A91F2F1B3A80A80032607F /* CoreLocation.framework in Frameworks */ = {isa = PBXBuildFile; fileRef = 58A91F2E1B3A80A80032607F /* CoreLocation.framework */; };
		58A91F331B3A823D0032607F /* BZRLocationObserver.m in Sources */ = {isa = PBXBuildFile; fileRef = 58A91F321B3A823D0032607F /* BZRLocationObserver.m */; };
		58A91F3B1B3A91E20032607F /* BZRGiftCard.m in Sources */ = {isa = PBXBuildFile; fileRef = 58A91F3A1B3A91E20032607F /* BZRGiftCard.m */; };
		58A91F431B3A995F0032607F /* BZRRoundedImageView.m in Sources */ = {isa = PBXBuildFile; fileRef = 58A91F421B3A995F0032607F /* BZRRoundedImageView.m */; };
		58A91F481B3ABE6D0032607F /* BZRStorageManager.m in Sources */ = {isa = PBXBuildFile; fileRef = 58A91F471B3ABE6D0032607F /* BZRStorageManager.m */; };
		58A91F581B3AD83F0032607F /* BZRUserProfile.m in Sources */ = {isa = PBXBuildFile; fileRef = 58A91F571B3AD83F0032607F /* BZRUserProfile.m */; };
		58ACC06A1B3937010081E546 /* BZRStartTutorialController.m in Sources */ = {isa = PBXBuildFile; fileRef = 58ACC0691B3937010081E546 /* BZRStartTutorialController.m */; };
		58ACC06D1B3937160081E546 /* BZRBaseTutorialController.m in Sources */ = {isa = PBXBuildFile; fileRef = 58ACC06C1B3937160081E546 /* BZRBaseTutorialController.m */; };
		58ACC0761B395E6A0081E546 /* BZRPrivacyAndTermsController.m in Sources */ = {isa = PBXBuildFile; fileRef = 58ACC0751B395E6A0081E546 /* BZRPrivacyAndTermsController.m */; };
		58ACC07E1B3968830081E546 /* BZRSignInController.m in Sources */ = {isa = PBXBuildFile; fileRef = 58ACC07D1B3968830081E546 /* BZRSignInController.m */; };
		58ACC0811B39689F0081E546 /* BZRSignUpController.m in Sources */ = {isa = PBXBuildFile; fileRef = 58ACC0801B39689F0081E546 /* BZRSignUpController.m */; };
		58ACC0841B3968BF0081E546 /* BZRChooseSignUpTypeController.m in Sources */ = {isa = PBXBuildFile; fileRef = 58ACC0831B3968BF0081E546 /* BZRChooseSignUpTypeController.m */; };
		58ACC0871B3968DA0081E546 /* BZRGetStartedController.m in Sources */ = {isa = PBXBuildFile; fileRef = 58ACC0861B3968DA0081E546 /* BZRGetStartedController.m */; };
		58ACC08B1B39A35D0081E546 /* BZRBaseAuthController.m in Sources */ = {isa = PBXBuildFile; fileRef = 58ACC08A1B39A35D0081E546 /* BZRBaseAuthController.m */; };
		58ACC08F1B39AD490081E546 /* BZRDashboardController.m in Sources */ = {isa = PBXBuildFile; fileRef = 58ACC08E1B39AD490081E546 /* BZRDashboardController.m */; };
		58ADC0E41B4BDCC200DF849F /* BZRFinishSurveyController.m in Sources */ = {isa = PBXBuildFile; fileRef = 58ADC0E31B4BDCC200DF849F /* BZRFinishSurveyController.m */; };
		58ADC0E81B4BDCE400DF849F /* BZRSecondTutorialController.m in Sources */ = {isa = PBXBuildFile; fileRef = 58ADC0E71B4BDCE400DF849F /* BZRSecondTutorialController.m */; };
		58B574E11B38AE200083A80A /* KeychainItemWrapper.m in Sources */ = {isa = PBXBuildFile; fileRef = 58B574E01B38AE200083A80A /* KeychainItemWrapper.m */; settings = {COMPILER_FLAGS = "-fno-objc-arc"; }; };
		58E512431B4C70AF00865694 /* OpenSans-Bold.ttf in Resources */ = {isa = PBXBuildFile; fileRef = 58E512391B4C70AF00865694 /* OpenSans-Bold.ttf */; };
		58E512441B4C70AF00865694 /* OpenSans-BoldItalic.ttf in Resources */ = {isa = PBXBuildFile; fileRef = 58E5123A1B4C70AF00865694 /* OpenSans-BoldItalic.ttf */; };
		58E512451B4C70AF00865694 /* OpenSans-ExtraBold.ttf in Resources */ = {isa = PBXBuildFile; fileRef = 58E5123B1B4C70AF00865694 /* OpenSans-ExtraBold.ttf */; };
		58E512461B4C70AF00865694 /* OpenSans-ExtraBoldItalic.ttf in Resources */ = {isa = PBXBuildFile; fileRef = 58E5123C1B4C70AF00865694 /* OpenSans-ExtraBoldItalic.ttf */; };
		58E512471B4C70AF00865694 /* OpenSans-Italic.ttf in Resources */ = {isa = PBXBuildFile; fileRef = 58E5123D1B4C70AF00865694 /* OpenSans-Italic.ttf */; };
		58E512481B4C70AF00865694 /* OpenSans-Light.ttf in Resources */ = {isa = PBXBuildFile; fileRef = 58E5123E1B4C70AF00865694 /* OpenSans-Light.ttf */; };
		58E512491B4C70AF00865694 /* OpenSans-LightItalic.ttf in Resources */ = {isa = PBXBuildFile; fileRef = 58E5123F1B4C70AF00865694 /* OpenSans-LightItalic.ttf */; };
		58E5124A1B4C70AF00865694 /* OpenSans-Regular.ttf in Resources */ = {isa = PBXBuildFile; fileRef = 58E512401B4C70AF00865694 /* OpenSans-Regular.ttf */; };
		58E5124B1B4C70AF00865694 /* OpenSans-Semibold.ttf in Resources */ = {isa = PBXBuildFile; fileRef = 58E512411B4C70AF00865694 /* OpenSans-Semibold.ttf */; };
		58E5124C1B4C70AF00865694 /* OpenSans-SemiboldItalic.ttf in Resources */ = {isa = PBXBuildFile; fileRef = 58E512421B4C70AF00865694 /* OpenSans-SemiboldItalic.ttf */; };
		58F49FC91B4197B7002F93EE /* BZRPushNotifiactionService.m in Sources */ = {isa = PBXBuildFile; fileRef = 58F49FC81B4197B7002F93EE /* BZRPushNotifiactionService.m */; };
		84AD3F011B4587DA00C294AE /* BZRProgressView.m in Sources */ = {isa = PBXBuildFile; fileRef = 84AD3F001B4587DA00C294AE /* BZRProgressView.m */; };
/* End PBXBuildFile section */

/* Begin PBXContainerItemProxy section */
		58A0B2291B3854CF003C100C /* PBXContainerItemProxy */ = {
			isa = PBXContainerItemProxy;
			containerPortal = 58A0B2071B3854CF003C100C /* Project object */;
			proxyType = 1;
			remoteGlobalIDString = 58A0B20E1B3854CF003C100C;
			remoteInfo = BizrateRewards;
		};
/* End PBXContainerItemProxy section */

/* Begin PBXFileReference section */
		16E7A55401C14794D2730A8C /* Pods.debug.xcconfig */ = {isa = PBXFileReference; includeInIndex = 1; lastKnownFileType = text.xcconfig; name = Pods.debug.xcconfig; path = "Pods/Target Support Files/Pods/Pods.debug.xcconfig"; sourceTree = "<group>"; };
		58219EDE1B38A1D600A9541A /* BZRMacros.h */ = {isa = PBXFileReference; fileEncoding = 4; lastKnownFileType = sourcecode.c.h; name = BZRMacros.h; path = Macros/BZRMacros.h; sourceTree = "<group>"; };
		58219EF31B38A2E000A9541A /* BZRNetworkManager.h */ = {isa = PBXFileReference; fileEncoding = 4; lastKnownFileType = sourcecode.c.h; name = BZRNetworkManager.h; path = "Classes/Server APIs/Network/BZRNetworkManager.h"; sourceTree = "<group>"; };
		58219EF41B38A2E000A9541A /* BZRNetworkManager.m */ = {isa = PBXFileReference; fileEncoding = 4; lastKnownFileType = sourcecode.c.objc; name = BZRNetworkManager.m; path = "Classes/Server APIs/Network/BZRNetworkManager.m"; sourceTree = "<group>"; };
		58219EF61B38A2EE00A9541A /* BZRApiConstants.h */ = {isa = PBXFileReference; fileEncoding = 4; lastKnownFileType = sourcecode.c.h; name = BZRApiConstants.h; path = "Classes/Server APIs/BZRApiConstants.h"; sourceTree = "<group>"; };
		58219EF71B38A2EE00A9541A /* BZRDataManager.h */ = {isa = PBXFileReference; fileEncoding = 4; lastKnownFileType = sourcecode.c.h; name = BZRDataManager.h; path = "Classes/Server APIs/BZRDataManager.h"; sourceTree = "<group>"; };
		58219EF81B38A2EE00A9541A /* BZRDataManager.m */ = {isa = PBXFileReference; fileEncoding = 4; lastKnownFileType = sourcecode.c.objc; name = BZRDataManager.m; path = "Classes/Server APIs/BZRDataManager.m"; sourceTree = "<group>"; };
		58219EFA1B38A30300A9541A /* BZRValidator.h */ = {isa = PBXFileReference; fileEncoding = 4; lastKnownFileType = sourcecode.c.h; name = BZRValidator.h; path = Classes/Utilities/Validator/BZRValidator.h; sourceTree = "<group>"; };
		58219EFB1B38A30300A9541A /* BZRValidator.m */ = {isa = PBXFileReference; fileEncoding = 4; lastKnownFileType = sourcecode.c.objc; name = BZRValidator.m; path = Classes/Utilities/Validator/BZRValidator.m; sourceTree = "<group>"; };
		58219F001B38A32700A9541A /* BZRAlertMessageService.h */ = {isa = PBXFileReference; fileEncoding = 4; lastKnownFileType = sourcecode.c.h; name = BZRAlertMessageService.h; path = Classes/Utilities/AlertMessageService/BZRAlertMessageService.h; sourceTree = "<group>"; };
		58219F011B38A32700A9541A /* BZRAlertMessageService.m */ = {isa = PBXFileReference; fileEncoding = 4; lastKnownFileType = sourcecode.c.objc; name = BZRAlertMessageService.m; path = Classes/Utilities/AlertMessageService/BZRAlertMessageService.m; sourceTree = "<group>"; };
		58219F031B38A33E00A9541A /* UIViewController+fixOrientation.h */ = {isa = PBXFileReference; fileEncoding = 4; lastKnownFileType = sourcecode.c.h; name = "UIViewController+fixOrientation.h"; path = "Classes/Categories/UIViewController/UIViewController+fixOrientation.h"; sourceTree = "<group>"; };
		58219F041B38A33E00A9541A /* UIViewController+fixOrientation.m */ = {isa = PBXFileReference; fileEncoding = 4; lastKnownFileType = sourcecode.c.objc; name = "UIViewController+fixOrientation.m"; path = "Classes/Categories/UIViewController/UIViewController+fixOrientation.m"; sourceTree = "<group>"; };
		58219F081B38A37600A9541A /* UIView+Shaking.h */ = {isa = PBXFileReference; fileEncoding = 4; lastKnownFileType = sourcecode.c.h; name = "UIView+Shaking.h"; path = "Classes/Categories/UIView/UIView+Shaking/UIView+Shaking.h"; sourceTree = "<group>"; };
		58219F091B38A37600A9541A /* UIView+Shaking.m */ = {isa = PBXFileReference; fileEncoding = 4; lastKnownFileType = sourcecode.c.objc; name = "UIView+Shaking.m"; path = "Classes/Categories/UIView/UIView+Shaking/UIView+Shaking.m"; sourceTree = "<group>"; };
		58219F0B1B38A38600A9541A /* UIView+MakeFromXib.h */ = {isa = PBXFileReference; fileEncoding = 4; lastKnownFileType = sourcecode.c.h; name = "UIView+MakeFromXib.h"; path = "Classes/Categories/UIView/UIView+MakeFromXib/UIView+MakeFromXib.h"; sourceTree = "<group>"; };
		58219F0C1B38A38600A9541A /* UIView+MakeFromXib.m */ = {isa = PBXFileReference; fileEncoding = 4; lastKnownFileType = sourcecode.c.objc; name = "UIView+MakeFromXib.m"; path = "Classes/Categories/UIView/UIView+MakeFromXib/UIView+MakeFromXib.m"; sourceTree = "<group>"; };
		58219F0F1B38A3B200A9541A /* UIImagePickerController+fixOrientation.h */ = {isa = PBXFileReference; fileEncoding = 4; lastKnownFileType = sourcecode.c.h; name = "UIImagePickerController+fixOrientation.h"; path = "Classes/Categories/UIImagePickerView/UIImagePickerController+fixOrientation.h"; sourceTree = "<group>"; };
		58219F101B38A3B200A9541A /* UIImagePickerController+fixOrientation.m */ = {isa = PBXFileReference; fileEncoding = 4; lastKnownFileType = sourcecode.c.objc; name = "UIImagePickerController+fixOrientation.m"; path = "Classes/Categories/UIImagePickerView/UIImagePickerController+fixOrientation.m"; sourceTree = "<group>"; };
		58219F131B38A3D700A9541A /* NSString+ContainsString.h */ = {isa = PBXFileReference; fileEncoding = 4; lastKnownFileType = sourcecode.c.h; name = "NSString+ContainsString.h"; path = "Classes/Categories/NSString/NSString+ContainsString/NSString+ContainsString.h"; sourceTree = "<group>"; };
		58219F141B38A3D700A9541A /* NSString+ContainsString.m */ = {isa = PBXFileReference; fileEncoding = 4; lastKnownFileType = sourcecode.c.objc; name = "NSString+ContainsString.m"; path = "Classes/Categories/NSString/NSString+ContainsString/NSString+ContainsString.m"; sourceTree = "<group>"; };
		58219F171B38A3F600A9541A /* NSDictionary+JSONRepresentation.h */ = {isa = PBXFileReference; fileEncoding = 4; lastKnownFileType = sourcecode.c.h; name = "NSDictionary+JSONRepresentation.h"; path = "Classes/Categories/NSDictionary/NSDictionary+JSONRepresentation/NSDictionary+JSONRepresentation.h"; sourceTree = "<group>"; };
		58219F181B38A3F600A9541A /* NSDictionary+JSONRepresentation.m */ = {isa = PBXFileReference; fileEncoding = 4; lastKnownFileType = sourcecode.c.objc; name = "NSDictionary+JSONRepresentation.m"; path = "Classes/Categories/NSDictionary/NSDictionary+JSONRepresentation/NSDictionary+JSONRepresentation.m"; sourceTree = "<group>"; };
		58219F1B1B38A58300A9541A /* Foundation.framework */ = {isa = PBXFileReference; lastKnownFileType = wrapper.framework; name = Foundation.framework; path = System/Library/Frameworks/Foundation.framework; sourceTree = SDKROOT; };
		58219F1D1B38A58900A9541A /* UIKit.framework */ = {isa = PBXFileReference; lastKnownFileType = wrapper.framework; name = UIKit.framework; path = System/Library/Frameworks/UIKit.framework; sourceTree = SDKROOT; };
		58219F1F1B38A59000A9541A /* Security.framework */ = {isa = PBXFileReference; lastKnownFileType = wrapper.framework; name = Security.framework; path = System/Library/Frameworks/Security.framework; sourceTree = SDKROOT; };
		58219F211B38A59F00A9541A /* CoreGraphics.framework */ = {isa = PBXFileReference; lastKnownFileType = wrapper.framework; name = CoreGraphics.framework; path = System/Library/Frameworks/CoreGraphics.framework; sourceTree = SDKROOT; };
		58219F231B38A5A600A9541A /* QuartzCore.framework */ = {isa = PBXFileReference; lastKnownFileType = wrapper.framework; name = QuartzCore.framework; path = System/Library/Frameworks/QuartzCore.framework; sourceTree = SDKROOT; };
		585813A81B3BEDCC0087AEE2 /* BZRUserToken.h */ = {isa = PBXFileReference; fileEncoding = 4; lastKnownFileType = sourcecode.c.h; name = BZRUserToken.h; path = Classes/MVC/Models/Token/BZRUserToken.h; sourceTree = "<group>"; };
		585813A91B3BEDCC0087AEE2 /* BZRUserToken.m */ = {isa = PBXFileReference; fileEncoding = 4; lastKnownFileType = sourcecode.c.objc; name = BZRUserToken.m; path = Classes/MVC/Models/Token/BZRUserToken.m; sourceTree = "<group>"; };
		585813AC1B3C23840087AEE2 /* BZRSurvey.h */ = {isa = PBXFileReference; fileEncoding = 4; lastKnownFileType = sourcecode.c.h; name = BZRSurvey.h; path = Classes/MVC/Models/Survey/BZRSurvey.h; sourceTree = "<group>"; };
		585813AD1B3C23840087AEE2 /* BZRSurvey.m */ = {isa = PBXFileReference; fileEncoding = 4; lastKnownFileType = sourcecode.c.objc; name = BZRSurvey.m; path = Classes/MVC/Models/Survey/BZRSurvey.m; sourceTree = "<group>"; };
		586ED0CF1B46E8F500FEB250 /* UIView+SoftRemoving.h */ = {isa = PBXFileReference; fileEncoding = 4; lastKnownFileType = sourcecode.c.h; name = "UIView+SoftRemoving.h"; path = "Classes/Categories/UIView/UIView+SoftRemoving/UIView+SoftRemoving.h"; sourceTree = "<group>"; };
		586ED0D01B46E8F500FEB250 /* UIView+SoftRemoving.m */ = {isa = PBXFileReference; fileEncoding = 4; lastKnownFileType = sourcecode.c.objc; name = "UIView+SoftRemoving.m"; path = "Classes/Categories/UIView/UIView+SoftRemoving/UIView+SoftRemoving.m"; sourceTree = "<group>"; };
		5878D3DB1B43F92100A917D0 /* BZRReachabilityHelper.h */ = {isa = PBXFileReference; fileEncoding = 4; lastKnownFileType = sourcecode.c.h; name = BZRReachabilityHelper.h; path = Classes/Utilities/ReachabilityHelper/BZRReachabilityHelper.h; sourceTree = "<group>"; };
		5878D3DC1B43F92100A917D0 /* BZRReachabilityHelper.m */ = {isa = PBXFileReference; fileEncoding = 4; lastKnownFileType = sourcecode.c.objc; name = BZRReachabilityHelper.m; path = Classes/Utilities/ReachabilityHelper/BZRReachabilityHelper.m; sourceTree = "<group>"; };
		5878D3DF1B4426DF00A917D0 /* BZRCommonDateFormatter.h */ = {isa = PBXFileReference; fileEncoding = 4; lastKnownFileType = sourcecode.c.h; name = BZRCommonDateFormatter.h; path = Classes/Utilities/CommonDateFormatter/BZRCommonDateFormatter.h; sourceTree = "<group>"; };
		5878D3E01B4426DF00A917D0 /* BZRCommonDateFormatter.m */ = {isa = PBXFileReference; fileEncoding = 4; lastKnownFileType = sourcecode.c.objc; name = BZRCommonDateFormatter.m; path = Classes/Utilities/CommonDateFormatter/BZRCommonDateFormatter.m; sourceTree = "<group>"; };
		589420891B450FF6004BAF48 /* BZRAccountSettingsContaiterController.h */ = {isa = PBXFileReference; fileEncoding = 4; lastKnownFileType = sourcecode.c.h; name = BZRAccountSettingsContaiterController.h; path = Classes/MVC/Controllers/AccountSettingsController/SettingsContaiterController/BZRAccountSettingsContaiterController.h; sourceTree = "<group>"; };
		5894208A1B450FF6004BAF48 /* BZRAccountSettingsContaiterController.m */ = {isa = PBXFileReference; fileEncoding = 4; lastKnownFileType = sourcecode.c.objc; name = BZRAccountSettingsContaiterController.m; path = Classes/MVC/Controllers/AccountSettingsController/SettingsContaiterController/BZRAccountSettingsContaiterController.m; sourceTree = "<group>"; };
		589420911B451D79004BAF48 /* AppDelegate.h */ = {isa = PBXFileReference; fileEncoding = 4; lastKnownFileType = sourcecode.c.h; name = AppDelegate.h; path = Resources/AppDelegate.h; sourceTree = "<group>"; };
		589420921B451D79004BAF48 /* AppDelegate.m */ = {isa = PBXFileReference; fileEncoding = 4; lastKnownFileType = sourcecode.c.objc; name = AppDelegate.m; path = Resources/AppDelegate.m; sourceTree = "<group>"; };
		589420941B451D87004BAF48 /* BizrateRewards-Prefix.pch */ = {isa = PBXFileReference; fileEncoding = 4; lastKnownFileType = sourcecode.c.h; name = "BizrateRewards-Prefix.pch"; path = "Resources/BizrateRewards-Prefix.pch"; sourceTree = "<group>"; };
		589420951B451D87004BAF48 /* Info.plist */ = {isa = PBXFileReference; fileEncoding = 4; lastKnownFileType = text.plist.xml; name = Info.plist; path = Resources/Info.plist; sourceTree = "<group>"; };
		589420961B451D87004BAF48 /* main.m */ = {isa = PBXFileReference; fileEncoding = 4; lastKnownFileType = sourcecode.c.objc; name = main.m; path = Resources/main.m; sourceTree = "<group>"; };
		589420991B451DD2004BAF48 /* BZRGlobalConstants.h */ = {isa = PBXFileReference; fileEncoding = 4; lastKnownFileType = sourcecode.c.h; name = BZRGlobalConstants.h; path = Resources/BZRGlobalConstants.h; sourceTree = "<group>"; };
		5894209A1B451E0F004BAF48 /* BZRBirthDatePickerView.h */ = {isa = PBXFileReference; fileEncoding = 4; lastKnownFileType = sourcecode.c.h; name = BZRBirthDatePickerView.h; path = Classes/MVC/Views/BirthDatePicker/BZRBirthDatePickerView.h; sourceTree = "<group>"; };
		5894209B1B451E0F004BAF48 /* BZRBirthDatePickerView.m */ = {isa = PBXFileReference; fileEncoding = 4; lastKnownFileType = sourcecode.c.objc; name = BZRBirthDatePickerView.m; path = Classes/MVC/Views/BirthDatePicker/BZRBirthDatePickerView.m; sourceTree = "<group>"; };
		5894209C1B451E0F004BAF48 /* BZRBirthDatePickerView.xib */ = {isa = PBXFileReference; fileEncoding = 4; lastKnownFileType = file.xib; name = BZRBirthDatePickerView.xib; path = Classes/MVC/Views/BirthDatePicker/BZRBirthDatePickerView.xib; sourceTree = "<group>"; };
		5894209F1B451E35004BAF48 /* BZRPickerHolder.h */ = {isa = PBXFileReference; fileEncoding = 4; lastKnownFileType = sourcecode.c.h; name = BZRPickerHolder.h; path = Classes/Utilities/DatePickerHolder/BZRPickerHolder.h; sourceTree = "<group>"; };
		589420A01B451E35004BAF48 /* BZRPickerHolder.m */ = {isa = PBXFileReference; fileEncoding = 4; lastKnownFileType = sourcecode.c.objc; name = BZRPickerHolder.m; path = Classes/Utilities/DatePickerHolder/BZRPickerHolder.m; sourceTree = "<group>"; };
		589420A31B45278E004BAF48 /* BZRPickersHelper.h */ = {isa = PBXFileReference; fileEncoding = 4; lastKnownFileType = sourcecode.c.h; name = BZRPickersHelper.h; path = Classes/Utilities/PickersHelper/BZRPickersHelper.h; sourceTree = "<group>"; };
		589420A41B45278E004BAF48 /* BZRPickersHelper.m */ = {isa = PBXFileReference; fileEncoding = 4; lastKnownFileType = sourcecode.c.objc; name = BZRPickersHelper.m; path = Classes/Utilities/PickersHelper/BZRPickersHelper.m; sourceTree = "<group>"; };
		589420A71B452813004BAF48 /* BZRCommonPickerView.h */ = {isa = PBXFileReference; fileEncoding = 4; lastKnownFileType = sourcecode.c.h; name = BZRCommonPickerView.h; path = Classes/MVC/Views/CommonPickerView/BZRCommonPickerView.h; sourceTree = "<group>"; };
		589420A81B452813004BAF48 /* BZRCommonPickerView.m */ = {isa = PBXFileReference; fileEncoding = 4; lastKnownFileType = sourcecode.c.objc; name = BZRCommonPickerView.m; path = Classes/MVC/Views/CommonPickerView/BZRCommonPickerView.m; sourceTree = "<group>"; };
		589420AA1B452827004BAF48 /* BZRCommonPickerView.xib */ = {isa = PBXFileReference; fileEncoding = 4; lastKnownFileType = file.xib; name = BZRCommonPickerView.xib; path = Classes/MVC/Views/CommonPickerView/BZRCommonPickerView.xib; sourceTree = "<group>"; };
		589420AC1B4529C7004BAF48 /* BZRZeroInsetsSeparatorCell.h */ = {isa = PBXFileReference; fileEncoding = 4; lastKnownFileType = sourcecode.c.h; name = BZRZeroInsetsSeparatorCell.h; path = Classes/Cells/UITableViewCells/ZeroInsetsSeparatorCell/BZRZeroInsetsSeparatorCell.h; sourceTree = "<group>"; };
		589420AD1B4529C8004BAF48 /* BZRZeroInsetsSeparatorCell.m */ = {isa = PBXFileReference; fileEncoding = 4; lastKnownFileType = sourcecode.c.objc; name = BZRZeroInsetsSeparatorCell.m; path = Classes/Cells/UITableViewCells/ZeroInsetsSeparatorCell/BZRZeroInsetsSeparatorCell.m; sourceTree = "<group>"; };
		589420AF1B4567B2004BAF48 /* BZREditProfileContainerController.h */ = {isa = PBXFileReference; fileEncoding = 4; lastKnownFileType = sourcecode.c.h; name = BZREditProfileContainerController.h; path = Classes/MVC/Controllers/ProfileSettingsController/EditProfileContainerController/BZREditProfileContainerController.h; sourceTree = "<group>"; };
		589420B01B4567B2004BAF48 /* BZREditProfileContainerController.m */ = {isa = PBXFileReference; fileEncoding = 4; lastKnownFileType = sourcecode.c.objc; name = BZREditProfileContainerController.m; path = Classes/MVC/Controllers/ProfileSettingsController/EditProfileContainerController/BZREditProfileContainerController.m; sourceTree = "<group>"; };
		5899D2521B4AB94200565F11 /* BZRApplicationToken.h */ = {isa = PBXFileReference; fileEncoding = 4; lastKnownFileType = sourcecode.c.h; name = BZRApplicationToken.h; path = Classes/MVC/Models/Token/ApplicationToken/BZRApplicationToken.h; sourceTree = "<group>"; };
		5899D2531B4AB94200565F11 /* BZRApplicationToken.m */ = {isa = PBXFileReference; fileEncoding = 4; lastKnownFileType = sourcecode.c.objc; name = BZRApplicationToken.m; path = Classes/MVC/Models/Token/ApplicationToken/BZRApplicationToken.m; sourceTree = "<group>"; };
		58A0B20F1B3854CF003C100C /* BizrateRewards.app */ = {isa = PBXFileReference; explicitFileType = wrapper.application; includeInIndex = 0; path = BizrateRewards.app; sourceTree = BUILT_PRODUCTS_DIR; };
		58A0B21D1B3854CF003C100C /* Base */ = {isa = PBXFileReference; lastKnownFileType = file.storyboard; name = Base; path = Base.lproj/Main.storyboard; sourceTree = "<group>"; };
		58A0B21F1B3854CF003C100C /* Images.xcassets */ = {isa = PBXFileReference; lastKnownFileType = folder.assetcatalog; path = Images.xcassets; sourceTree = "<group>"; };
		58A0B2281B3854CF003C100C /* BizrateRewardsTests.xctest */ = {isa = PBXFileReference; explicitFileType = wrapper.cfbundle; includeInIndex = 0; path = BizrateRewardsTests.xctest; sourceTree = BUILT_PRODUCTS_DIR; };
		58A0B22D1B3854CF003C100C /* Info.plist */ = {isa = PBXFileReference; lastKnownFileType = text.plist.xml; path = Info.plist; sourceTree = "<group>"; };
		58A0B22E1B3854CF003C100C /* BizrateRewardsTests.m */ = {isa = PBXFileReference; lastKnownFileType = sourcecode.c.objc; path = BizrateRewardsTests.m; sourceTree = "<group>"; };
		58A59E231B3EDFDC00A5F30C /* BZRGeolocationAccessController.h */ = {isa = PBXFileReference; fileEncoding = 4; lastKnownFileType = sourcecode.c.h; name = BZRGeolocationAccessController.h; path = Classes/MVC/Controllers/TutorialViewControllers/GeolocationAccessController/BZRGeolocationAccessController.h; sourceTree = "<group>"; };
		58A59E241B3EDFDC00A5F30C /* BZRGeolocationAccessController.m */ = {isa = PBXFileReference; fileEncoding = 4; lastKnownFileType = sourcecode.c.objc; name = BZRGeolocationAccessController.m; path = Classes/MVC/Controllers/TutorialViewControllers/GeolocationAccessController/BZRGeolocationAccessController.m; sourceTree = "<group>"; };
		58A59E261B3EE00B00A5F30C /* BZRPushNotificationsAccessController.h */ = {isa = PBXFileReference; fileEncoding = 4; lastKnownFileType = sourcecode.c.h; name = BZRPushNotificationsAccessController.h; path = Classes/MVC/Controllers/PushNotificationsAccessController/BZRPushNotificationsAccessController.h; sourceTree = "<group>"; };
		58A59E271B3EE00B00A5F30C /* BZRPushNotificationsAccessController.m */ = {isa = PBXFileReference; fileEncoding = 4; lastKnownFileType = sourcecode.c.objc; name = BZRPushNotificationsAccessController.m; path = Classes/MVC/Controllers/PushNotificationsAccessController/BZRPushNotificationsAccessController.m; sourceTree = "<group>"; };
		58A59E2A1B3EE91000A5F30C /* BZRFinishTutorialController.h */ = {isa = PBXFileReference; fileEncoding = 4; lastKnownFileType = sourcecode.c.h; name = BZRFinishTutorialController.h; path = Classes/MVC/Controllers/TutorialViewControllers/FinishTutorialController/BZRFinishTutorialController.h; sourceTree = "<group>"; };
		58A59E2B1B3EE91000A5F30C /* BZRFinishTutorialController.m */ = {isa = PBXFileReference; fileEncoding = 4; lastKnownFileType = sourcecode.c.objc; name = BZRFinishTutorialController.m; path = Classes/MVC/Controllers/TutorialViewControllers/FinishTutorialController/BZRFinishTutorialController.m; sourceTree = "<group>"; };
		58A59E2E1B3EE93F00A5F30C /* BZRAccountSettingsController.h */ = {isa = PBXFileReference; fileEncoding = 4; lastKnownFileType = sourcecode.c.h; name = BZRAccountSettingsController.h; path = Classes/MVC/Controllers/AccountSettingsController/BZRAccountSettingsController.h; sourceTree = "<group>"; };
		58A59E2F1B3EE93F00A5F30C /* BZRAccountSettingsController.m */ = {isa = PBXFileReference; fileEncoding = 4; lastKnownFileType = sourcecode.c.objc; name = BZRAccountSettingsController.m; path = Classes/MVC/Controllers/AccountSettingsController/BZRAccountSettingsController.m; sourceTree = "<group>"; };
		58A59E321B3EE96700A5F30C /* BZREditProfileController.h */ = {isa = PBXFileReference; fileEncoding = 4; lastKnownFileType = sourcecode.c.h; name = BZREditProfileController.h; path = Classes/MVC/Controllers/ProfileSettingsController/BZREditProfileController.h; sourceTree = "<group>"; };
		58A59E331B3EE96700A5F30C /* BZREditProfileController.m */ = {isa = PBXFileReference; fileEncoding = 4; lastKnownFileType = sourcecode.c.objc; name = BZREditProfileController.m; path = Classes/MVC/Controllers/ProfileSettingsController/BZREditProfileController.m; sourceTree = "<group>"; };
		58A59E361B3EE99400A5F30C /* BZRGiftCardsListController.h */ = {isa = PBXFileReference; fileEncoding = 4; lastKnownFileType = sourcecode.c.h; name = BZRGiftCardsListController.h; path = Classes/MVC/Controllers/GiftCardsListController/BZRGiftCardsListController.h; sourceTree = "<group>"; };
		58A59E371B3EE99400A5F30C /* BZRGiftCardsListController.m */ = {isa = PBXFileReference; fileEncoding = 4; lastKnownFileType = sourcecode.c.objc; name = BZRGiftCardsListController.m; path = Classes/MVC/Controllers/GiftCardsListController/BZRGiftCardsListController.m; sourceTree = "<group>"; };
		58A59E3A1B3EE9E300A5F30C /* BZRSurveyViewController.h */ = {isa = PBXFileReference; fileEncoding = 4; lastKnownFileType = sourcecode.c.h; name = BZRSurveyViewController.h; path = Classes/MVC/Controllers/SurveyViewController/BZRSurveyViewController.h; sourceTree = "<group>"; };
		58A59E3B1B3EE9E300A5F30C /* BZRSurveyViewController.m */ = {isa = PBXFileReference; fileEncoding = 4; lastKnownFileType = sourcecode.c.objc; name = BZRSurveyViewController.m; path = Classes/MVC/Controllers/SurveyViewController/BZRSurveyViewController.m; sourceTree = "<group>"; };
		58A5BEB81B414ADC00B2BC27 /* BZRLeftImageTextField.h */ = {isa = PBXFileReference; fileEncoding = 4; lastKnownFileType = sourcecode.c.h; name = BZRLeftImageTextField.h; path = Classes/MVC/Views/LeftImageTextField/BZRLeftImageTextField.h; sourceTree = "<group>"; };
		58A5BEB91B414ADC00B2BC27 /* BZRLeftImageTextField.m */ = {isa = PBXFileReference; fileEncoding = 4; lastKnownFileType = sourcecode.c.objc; name = BZRLeftImageTextField.m; path = Classes/MVC/Views/LeftImageTextField/BZRLeftImageTextField.m; sourceTree = "<group>"; };
		58A5BEBB1B414B1800B2BC27 /* BZRBorderedTextField.h */ = {isa = PBXFileReference; fileEncoding = 4; lastKnownFileType = sourcecode.c.h; name = BZRBorderedTextField.h; path = Classes/MVC/Views/BorderedTextField/BZRBorderedTextField.h; sourceTree = "<group>"; };
		58A5BEBC1B414B1800B2BC27 /* BZRBorderedTextField.m */ = {isa = PBXFileReference; fileEncoding = 4; lastKnownFileType = sourcecode.c.objc; name = BZRBorderedTextField.m; path = Classes/MVC/Views/BorderedTextField/BZRBorderedTextField.m; sourceTree = "<group>"; };
		58A5BEBE1B415C2F00B2BC27 /* BZRCheckBoxButton.h */ = {isa = PBXFileReference; fileEncoding = 4; lastKnownFileType = sourcecode.c.h; name = BZRCheckBoxButton.h; path = Classes/MVC/Views/CheckBoxButton/BZRCheckBoxButton.h; sourceTree = "<group>"; };
		58A5BEBF1B415C2F00B2BC27 /* BZRCheckBoxButton.m */ = {isa = PBXFileReference; fileEncoding = 4; lastKnownFileType = sourcecode.c.objc; name = BZRCheckBoxButton.m; path = Classes/MVC/Views/CheckBoxButton/BZRCheckBoxButton.m; sourceTree = "<group>"; };
		58A5BEC21B415C7000B2BC27 /* BZRStarView.h */ = {isa = PBXFileReference; fileEncoding = 4; lastKnownFileType = sourcecode.c.h; name = BZRStarView.h; path = Classes/MVC/Views/FiveStarView/BZRStarView.h; sourceTree = "<group>"; };
		58A5BEC31B415C7000B2BC27 /* BZRStarView.m */ = {isa = PBXFileReference; fileEncoding = 4; lastKnownFileType = sourcecode.c.objc; name = BZRStarView.m; path = Classes/MVC/Views/FiveStarView/BZRStarView.m; sourceTree = "<group>"; };
		58A7E2381B45A3A200A1489A /* UIView+ConfigureAnchorPoint.h */ = {isa = PBXFileReference; fileEncoding = 4; lastKnownFileType = sourcecode.c.h; name = "UIView+ConfigureAnchorPoint.h"; path = "Classes/Categories/UIView/UIView+ConfigureAnchorPoint/UIView+ConfigureAnchorPoint.h"; sourceTree = "<group>"; };
		58A7E2391B45A3A200A1489A /* UIView+ConfigureAnchorPoint.m */ = {isa = PBXFileReference; fileEncoding = 4; lastKnownFileType = sourcecode.c.objc; name = "UIView+ConfigureAnchorPoint.m"; path = "Classes/Categories/UIView/UIView+ConfigureAnchorPoint/UIView+ConfigureAnchorPoint.m"; sourceTree = "<group>"; };
		58A91F2E1B3A80A80032607F /* CoreLocation.framework */ = {isa = PBXFileReference; lastKnownFileType = wrapper.framework; name = CoreLocation.framework; path = System/Library/Frameworks/CoreLocation.framework; sourceTree = SDKROOT; };
		58A91F311B3A823D0032607F /* BZRLocationObserver.h */ = {isa = PBXFileReference; fileEncoding = 4; lastKnownFileType = sourcecode.c.h; name = BZRLocationObserver.h; path = Classes/LocationObserver/BZRLocationObserver.h; sourceTree = "<group>"; };
		58A91F321B3A823D0032607F /* BZRLocationObserver.m */ = {isa = PBXFileReference; fileEncoding = 4; lastKnownFileType = sourcecode.c.objc; name = BZRLocationObserver.m; path = Classes/LocationObserver/BZRLocationObserver.m; sourceTree = "<group>"; };
		58A91F391B3A91E20032607F /* BZRGiftCard.h */ = {isa = PBXFileReference; fileEncoding = 4; lastKnownFileType = sourcecode.c.h; name = BZRGiftCard.h; path = Classes/MVC/Models/GiftCard/BZRGiftCard.h; sourceTree = "<group>"; };
		58A91F3A1B3A91E20032607F /* BZRGiftCard.m */ = {isa = PBXFileReference; fileEncoding = 4; lastKnownFileType = sourcecode.c.objc; name = BZRGiftCard.m; path = Classes/MVC/Models/GiftCard/BZRGiftCard.m; sourceTree = "<group>"; };
		58A91F3F1B3A937B0032607F /* BZRMappingProtocol.h */ = {isa = PBXFileReference; fileEncoding = 4; lastKnownFileType = sourcecode.c.h; name = BZRMappingProtocol.h; path = Classes/Protocols/Mapping/BZRMappingProtocol.h; sourceTree = "<group>"; };
		58A91F411B3A995F0032607F /* BZRRoundedImageView.h */ = {isa = PBXFileReference; fileEncoding = 4; lastKnownFileType = sourcecode.c.h; name = BZRRoundedImageView.h; path = Classes/MVC/Views/RoundedImageView/BZRRoundedImageView.h; sourceTree = "<group>"; };
		58A91F421B3A995F0032607F /* BZRRoundedImageView.m */ = {isa = PBXFileReference; fileEncoding = 4; lastKnownFileType = sourcecode.c.objc; name = BZRRoundedImageView.m; path = Classes/MVC/Views/RoundedImageView/BZRRoundedImageView.m; sourceTree = "<group>"; };
		58A91F461B3ABE6D0032607F /* BZRStorageManager.h */ = {isa = PBXFileReference; fileEncoding = 4; lastKnownFileType = sourcecode.c.h; name = BZRStorageManager.h; path = Classes/Managers/StorageManager/BZRStorageManager.h; sourceTree = "<group>"; };
		58A91F471B3ABE6D0032607F /* BZRStorageManager.m */ = {isa = PBXFileReference; fileEncoding = 4; lastKnownFileType = sourcecode.c.objc; name = BZRStorageManager.m; path = Classes/Managers/StorageManager/BZRStorageManager.m; sourceTree = "<group>"; };
		58A91F561B3AD83F0032607F /* BZRUserProfile.h */ = {isa = PBXFileReference; fileEncoding = 4; lastKnownFileType = sourcecode.c.h; name = BZRUserProfile.h; path = Classes/MVC/Models/UserProfile/BZRUserProfile.h; sourceTree = "<group>"; };
		58A91F571B3AD83F0032607F /* BZRUserProfile.m */ = {isa = PBXFileReference; fileEncoding = 4; lastKnownFileType = sourcecode.c.objc; name = BZRUserProfile.m; path = Classes/MVC/Models/UserProfile/BZRUserProfile.m; sourceTree = "<group>"; };
		58ACC0681B3937010081E546 /* BZRStartTutorialController.h */ = {isa = PBXFileReference; fileEncoding = 4; lastKnownFileType = sourcecode.c.h; name = BZRStartTutorialController.h; path = Classes/MVC/Controllers/TutorialViewControllers/PageContentController/BZRStartTutorialController.h; sourceTree = "<group>"; };
		58ACC0691B3937010081E546 /* BZRStartTutorialController.m */ = {isa = PBXFileReference; fileEncoding = 4; lastKnownFileType = sourcecode.c.objc; name = BZRStartTutorialController.m; path = Classes/MVC/Controllers/TutorialViewControllers/PageContentController/BZRStartTutorialController.m; sourceTree = "<group>"; };
		58ACC06B1B3937160081E546 /* BZRBaseTutorialController.h */ = {isa = PBXFileReference; fileEncoding = 4; lastKnownFileType = sourcecode.c.h; name = BZRBaseTutorialController.h; path = Classes/MVC/Controllers/TutorialViewControllers/BaseTutorialController/BZRBaseTutorialController.h; sourceTree = "<group>"; };
		58ACC06C1B3937160081E546 /* BZRBaseTutorialController.m */ = {isa = PBXFileReference; fileEncoding = 4; lastKnownFileType = sourcecode.c.objc; name = BZRBaseTutorialController.m; path = Classes/MVC/Controllers/TutorialViewControllers/BaseTutorialController/BZRBaseTutorialController.m; sourceTree = "<group>"; };
		58ACC0741B395E6A0081E546 /* BZRPrivacyAndTermsController.h */ = {isa = PBXFileReference; fileEncoding = 4; lastKnownFileType = sourcecode.c.h; name = BZRPrivacyAndTermsController.h; path = Classes/MVC/Controllers/PrivacyAndTermsController/BZRPrivacyAndTermsController.h; sourceTree = "<group>"; };
		58ACC0751B395E6A0081E546 /* BZRPrivacyAndTermsController.m */ = {isa = PBXFileReference; fileEncoding = 4; lastKnownFileType = sourcecode.c.objc; name = BZRPrivacyAndTermsController.m; path = Classes/MVC/Controllers/PrivacyAndTermsController/BZRPrivacyAndTermsController.m; sourceTree = "<group>"; };
		58ACC07C1B3968830081E546 /* BZRSignInController.h */ = {isa = PBXFileReference; fileEncoding = 4; lastKnownFileType = sourcecode.c.h; name = BZRSignInController.h; path = Classes/MVC/Controllers/AuthorizationControllers/SignInController/BZRSignInController.h; sourceTree = "<group>"; };
		58ACC07D1B3968830081E546 /* BZRSignInController.m */ = {isa = PBXFileReference; fileEncoding = 4; lastKnownFileType = sourcecode.c.objc; name = BZRSignInController.m; path = Classes/MVC/Controllers/AuthorizationControllers/SignInController/BZRSignInController.m; sourceTree = "<group>"; };
		58ACC07F1B39689F0081E546 /* BZRSignUpController.h */ = {isa = PBXFileReference; fileEncoding = 4; lastKnownFileType = sourcecode.c.h; name = BZRSignUpController.h; path = Classes/MVC/Controllers/AuthorizationControllers/SignUpController/BZRSignUpController.h; sourceTree = "<group>"; };
		58ACC0801B39689F0081E546 /* BZRSignUpController.m */ = {isa = PBXFileReference; fileEncoding = 4; lastKnownFileType = sourcecode.c.objc; name = BZRSignUpController.m; path = Classes/MVC/Controllers/AuthorizationControllers/SignUpController/BZRSignUpController.m; sourceTree = "<group>"; };
		58ACC0821B3968BF0081E546 /* BZRChooseSignUpTypeController.h */ = {isa = PBXFileReference; fileEncoding = 4; lastKnownFileType = sourcecode.c.h; name = BZRChooseSignUpTypeController.h; path = Classes/MVC/Controllers/AuthorizationControllers/ChooseSignUpTypeController/BZRChooseSignUpTypeController.h; sourceTree = "<group>"; };
		58ACC0831B3968BF0081E546 /* BZRChooseSignUpTypeController.m */ = {isa = PBXFileReference; fileEncoding = 4; lastKnownFileType = sourcecode.c.objc; name = BZRChooseSignUpTypeController.m; path = Classes/MVC/Controllers/AuthorizationControllers/ChooseSignUpTypeController/BZRChooseSignUpTypeController.m; sourceTree = "<group>"; };
		58ACC0851B3968DA0081E546 /* BZRGetStartedController.h */ = {isa = PBXFileReference; fileEncoding = 4; lastKnownFileType = sourcecode.c.h; name = BZRGetStartedController.h; path = Classes/MVC/Controllers/AuthorizationControllers/GetStartedController/BZRGetStartedController.h; sourceTree = "<group>"; };
		58ACC0861B3968DA0081E546 /* BZRGetStartedController.m */ = {isa = PBXFileReference; fileEncoding = 4; lastKnownFileType = sourcecode.c.objc; name = BZRGetStartedController.m; path = Classes/MVC/Controllers/AuthorizationControllers/GetStartedController/BZRGetStartedController.m; sourceTree = "<group>"; };
		58ACC0891B39A35D0081E546 /* BZRBaseAuthController.h */ = {isa = PBXFileReference; fileEncoding = 4; lastKnownFileType = sourcecode.c.h; name = BZRBaseAuthController.h; path = Classes/MVC/Controllers/AuthorizationControllers/BaseAuthController/BZRBaseAuthController.h; sourceTree = "<group>"; };
		58ACC08A1B39A35D0081E546 /* BZRBaseAuthController.m */ = {isa = PBXFileReference; fileEncoding = 4; lastKnownFileType = sourcecode.c.objc; name = BZRBaseAuthController.m; path = Classes/MVC/Controllers/AuthorizationControllers/BaseAuthController/BZRBaseAuthController.m; sourceTree = "<group>"; };
		58ACC08D1B39AD490081E546 /* BZRDashboardController.h */ = {isa = PBXFileReference; fileEncoding = 4; lastKnownFileType = sourcecode.c.h; name = BZRDashboardController.h; path = Classes/MVC/Controllers/DashboardController/BZRDashboardController.h; sourceTree = "<group>"; };
		58ACC08E1B39AD490081E546 /* BZRDashboardController.m */ = {isa = PBXFileReference; fileEncoding = 4; lastKnownFileType = sourcecode.c.objc; name = BZRDashboardController.m; path = Classes/MVC/Controllers/DashboardController/BZRDashboardController.m; sourceTree = "<group>"; };
		58ADC0E21B4BDCC200DF849F /* BZRFinishSurveyController.h */ = {isa = PBXFileReference; fileEncoding = 4; lastKnownFileType = sourcecode.c.h; name = BZRFinishSurveyController.h; path = Classes/MVC/Controllers/SurveyViewController/FinishSurveyController/BZRFinishSurveyController.h; sourceTree = "<group>"; };
		58ADC0E31B4BDCC200DF849F /* BZRFinishSurveyController.m */ = {isa = PBXFileReference; fileEncoding = 4; lastKnownFileType = sourcecode.c.objc; name = BZRFinishSurveyController.m; path = Classes/MVC/Controllers/SurveyViewController/FinishSurveyController/BZRFinishSurveyController.m; sourceTree = "<group>"; };
		58ADC0E61B4BDCE400DF849F /* BZRSecondTutorialController.h */ = {isa = PBXFileReference; fileEncoding = 4; lastKnownFileType = sourcecode.c.h; name = BZRSecondTutorialController.h; path = Classes/MVC/Controllers/TutorialViewControllers/SecondTutorialController/BZRSecondTutorialController.h; sourceTree = "<group>"; };
		58ADC0E71B4BDCE400DF849F /* BZRSecondTutorialController.m */ = {isa = PBXFileReference; fileEncoding = 4; lastKnownFileType = sourcecode.c.objc; name = BZRSecondTutorialController.m; path = Classes/MVC/Controllers/TutorialViewControllers/SecondTutorialController/BZRSecondTutorialController.m; sourceTree = "<group>"; };
		58B574DF1B38AE200083A80A /* KeychainItemWrapper.h */ = {isa = PBXFileReference; fileEncoding = 4; lastKnownFileType = sourcecode.c.h; name = KeychainItemWrapper.h; path = Classes/Utilities/KeyChain/KeychainItemWrapper.h; sourceTree = "<group>"; };
		58B574E01B38AE200083A80A /* KeychainItemWrapper.m */ = {isa = PBXFileReference; fileEncoding = 4; lastKnownFileType = sourcecode.c.objc; name = KeychainItemWrapper.m; path = Classes/Utilities/KeyChain/KeychainItemWrapper.m; sourceTree = "<group>"; };
		58E512391B4C70AF00865694 /* OpenSans-Bold.ttf */ = {isa = PBXFileReference; lastKnownFileType = file; name = "OpenSans-Bold.ttf"; path = "Resources/Fonts/OpenSans-Bold.ttf"; sourceTree = "<group>"; };
		58E5123A1B4C70AF00865694 /* OpenSans-BoldItalic.ttf */ = {isa = PBXFileReference; lastKnownFileType = file; name = "OpenSans-BoldItalic.ttf"; path = "Resources/Fonts/OpenSans-BoldItalic.ttf"; sourceTree = "<group>"; };
		58E5123B1B4C70AF00865694 /* OpenSans-ExtraBold.ttf */ = {isa = PBXFileReference; lastKnownFileType = file; name = "OpenSans-ExtraBold.ttf"; path = "Resources/Fonts/OpenSans-ExtraBold.ttf"; sourceTree = "<group>"; };
		58E5123C1B4C70AF00865694 /* OpenSans-ExtraBoldItalic.ttf */ = {isa = PBXFileReference; lastKnownFileType = file; name = "OpenSans-ExtraBoldItalic.ttf"; path = "Resources/Fonts/OpenSans-ExtraBoldItalic.ttf"; sourceTree = "<group>"; };
		58E5123D1B4C70AF00865694 /* OpenSans-Italic.ttf */ = {isa = PBXFileReference; lastKnownFileType = file; name = "OpenSans-Italic.ttf"; path = "Resources/Fonts/OpenSans-Italic.ttf"; sourceTree = "<group>"; };
		58E5123E1B4C70AF00865694 /* OpenSans-Light.ttf */ = {isa = PBXFileReference; lastKnownFileType = file; name = "OpenSans-Light.ttf"; path = "Resources/Fonts/OpenSans-Light.ttf"; sourceTree = "<group>"; };
		58E5123F1B4C70AF00865694 /* OpenSans-LightItalic.ttf */ = {isa = PBXFileReference; lastKnownFileType = file; name = "OpenSans-LightItalic.ttf"; path = "Resources/Fonts/OpenSans-LightItalic.ttf"; sourceTree = "<group>"; };
		58E512401B4C70AF00865694 /* OpenSans-Regular.ttf */ = {isa = PBXFileReference; lastKnownFileType = file; name = "OpenSans-Regular.ttf"; path = "Resources/Fonts/OpenSans-Regular.ttf"; sourceTree = "<group>"; };
		58E512411B4C70AF00865694 /* OpenSans-Semibold.ttf */ = {isa = PBXFileReference; lastKnownFileType = file; name = "OpenSans-Semibold.ttf"; path = "Resources/Fonts/OpenSans-Semibold.ttf"; sourceTree = "<group>"; };
		58E512421B4C70AF00865694 /* OpenSans-SemiboldItalic.ttf */ = {isa = PBXFileReference; lastKnownFileType = file; name = "OpenSans-SemiboldItalic.ttf"; path = "Resources/Fonts/OpenSans-SemiboldItalic.ttf"; sourceTree = "<group>"; };
		58F49FC71B4197B7002F93EE /* BZRPushNotifiactionService.h */ = {isa = PBXFileReference; fileEncoding = 4; lastKnownFileType = sourcecode.c.h; name = BZRPushNotifiactionService.h; path = Classes/PushNotificationsService/BZRPushNotifiactionService.h; sourceTree = "<group>"; };
		58F49FC81B4197B7002F93EE /* BZRPushNotifiactionService.m */ = {isa = PBXFileReference; fileEncoding = 4; lastKnownFileType = sourcecode.c.objc; name = BZRPushNotifiactionService.m; path = Classes/PushNotificationsService/BZRPushNotifiactionService.m; sourceTree = "<group>"; };
		7AF1FB2A8C4A8673EF3998F1 /* libPods.a */ = {isa = PBXFileReference; explicitFileType = archive.ar; includeInIndex = 0; path = libPods.a; sourceTree = BUILT_PRODUCTS_DIR; };
		84AD3EFF1B4587D900C294AE /* BZRProgressView.h */ = {isa = PBXFileReference; fileEncoding = 4; lastKnownFileType = sourcecode.c.h; name = BZRProgressView.h; path = Classes/MVC/Views/ProgressView/BZRProgressView.h; sourceTree = "<group>"; };
		84AD3F001B4587DA00C294AE /* BZRProgressView.m */ = {isa = PBXFileReference; fileEncoding = 4; lastKnownFileType = sourcecode.c.objc; name = BZRProgressView.m; path = Classes/MVC/Views/ProgressView/BZRProgressView.m; sourceTree = "<group>"; };
		E535AA4CB211EDDB654D82EC /* Pods.release.xcconfig */ = {isa = PBXFileReference; includeInIndex = 1; lastKnownFileType = text.xcconfig; name = Pods.release.xcconfig; path = "Pods/Target Support Files/Pods/Pods.release.xcconfig"; sourceTree = "<group>"; };
/* End PBXFileReference section */

/* Begin PBXFrameworksBuildPhase section */
		58A0B20C1B3854CF003C100C /* Frameworks */ = {
			isa = PBXFrameworksBuildPhase;
			buildActionMask = 2147483647;
			files = (
				58A91F2F1B3A80A80032607F /* CoreLocation.framework in Frameworks */,
				58219F241B38A5A600A9541A /* QuartzCore.framework in Frameworks */,
				58219F221B38A59F00A9541A /* CoreGraphics.framework in Frameworks */,
				58219F201B38A59000A9541A /* Security.framework in Frameworks */,
				58219F1E1B38A58900A9541A /* UIKit.framework in Frameworks */,
				58219F1C1B38A58300A9541A /* Foundation.framework in Frameworks */,
				0DD221EAC7B2690BDE637D84 /* libPods.a in Frameworks */,
			);
			runOnlyForDeploymentPostprocessing = 0;
		};
		58A0B2251B3854CF003C100C /* Frameworks */ = {
			isa = PBXFrameworksBuildPhase;
			buildActionMask = 2147483647;
			files = (
			);
			runOnlyForDeploymentPostprocessing = 0;
		};
/* End PBXFrameworksBuildPhase section */

/* Begin PBXGroup section */
		58219EDB1B38A06600A9541A /* Classes */ = {
			isa = PBXGroup;
			children = (
				58F49FBF1B417F06002F93EE /* PushNotificationsService */,
				58A91F441B3ABE480032607F /* Managers */,
				58A91F3D1B3A932F0032607F /* Protocols */,
				58A91F301B3A821C0032607F /* LocationObserver */,
				58219EE41B38A21F00A9541A /* Server APIs */,
				58219EE31B38A21900A9541A /* Utilities */,
				58219EE11B38A1F300A9541A /* Categories */,
				58219EE01B38A1EE00A9541A /* Cells */,
				58219EDF1B38A1E700A9541A /* MVC */,
			);
			name = Classes;
			sourceTree = "<group>";
		};
		58219EDC1B38A06E00A9541A /* Resources */ = {
			isa = PBXGroup;
			children = (
				58E512241B4C6DFE00865694 /* Fonts */,
				589420941B451D87004BAF48 /* BizrateRewards-Prefix.pch */,
				589420951B451D87004BAF48 /* Info.plist */,
				589420961B451D87004BAF48 /* main.m */,
				589420911B451D79004BAF48 /* AppDelegate.h */,
				589420921B451D79004BAF48 /* AppDelegate.m */,
			);
			name = Resources;
			sourceTree = "<group>";
		};
		58219EDD1B38A08E00A9541A /* Macros */ = {
			isa = PBXGroup;
			children = (
				58219EDE1B38A1D600A9541A /* BZRMacros.h */,
			);
			name = Macros;
			sourceTree = "<group>";
		};
		58219EDF1B38A1E700A9541A /* MVC */ = {
			isa = PBXGroup;
			children = (
				58219EE71B38A23A00A9541A /* Controllers */,
				58219EE61B38A23400A9541A /* Views */,
				58219EE51B38A22F00A9541A /* Models */,
			);
			name = MVC;
			sourceTree = "<group>";
		};
		58219EE01B38A1EE00A9541A /* Cells */ = {
			isa = PBXGroup;
			children = (
				58219EE91B38A24B00A9541A /* UICollectionViewCells */,
				58219EE81B38A24300A9541A /* UITableViewCells */,
			);
			name = Cells;
			sourceTree = "<group>";
		};
		58219EE11B38A1F300A9541A /* Categories */ = {
			isa = PBXGroup;
			children = (
				58219EF21B38A2CA00A9541A /* UIViewController */,
				58219EF11B38A2C300A9541A /* UIView */,
				58219EF01B38A2AA00A9541A /* UIImagePickerController */,
				58219EEF1B38A29B00A9541A /* NSString */,
				58219EEE1B38A29400A9541A /* NSDictionary */,
			);
			name = Categories;
			sourceTree = "<group>";
		};
		58219EE31B38A21900A9541A /* Utilities */ = {
			isa = PBXGroup;
			children = (
				589420A21B452616004BAF48 /* PickersHelper */,
				589420901B451B96004BAF48 /* PickerHolder */,
				5878D3DE1B4426A000A917D0 /* CommonDateFormatter */,
				5878D3DA1B43F8D500A917D0 /* ReachabilityHelper */,
				58F49FC31B4181D2002F93EE /* GlobalConstants */,
				58219EED1B38A28600A9541A /* Validator */,
				58219EEC1B38A27F00A9541A /* KeyChain */,
				58219EEB1B38A27700A9541A /* AlertMessageService */,
			);
			name = Utilities;
			sourceTree = "<group>";
		};
		58219EE41B38A21F00A9541A /* Server APIs */ = {
			isa = PBXGroup;
			children = (
				58219EF61B38A2EE00A9541A /* BZRApiConstants.h */,
				58219EF71B38A2EE00A9541A /* BZRDataManager.h */,
				58219EF81B38A2EE00A9541A /* BZRDataManager.m */,
				58219EEA1B38A26300A9541A /* NetworkManager */,
			);
			name = "Server APIs";
			sourceTree = "<group>";
		};
		58219EE51B38A22F00A9541A /* Models */ = {
			isa = PBXGroup;
			children = (
				585813AB1B3C235C0087AEE2 /* Survey */,
				585813A71B3BEDAB0087AEE2 /* Token */,
				58A91F551B3AD8220032607F /* UserProfile */,
				58A91F351B3A91980032607F /* GiftCard */,
			);
			name = Models;
			sourceTree = "<group>";
		};
		58219EE61B38A23400A9541A /* Views */ = {
			isa = PBXGroup;
			children = (
				84AD3EFE1B4587B100C294AE /* ProgressView */,
				589420A61B4527F4004BAF48 /* CommonPickerView */,
				58A4BBCB1B42709E008F4EA7 /* BirthDatePicker */,
				58A5BEC11B415C4B00B2BC27 /* StarView */,
				58A5BEB71B4133E000B2BC27 /* LeftImageTextField */,
				58A5BEB61B4133D400B2BC27 /* BorderedTextField */,
				58A5BEB51B4133CC00B2BC27 /* CheckboxButton */,
				58A91F401B3A99470032607F /* RoundedImageView */,
			);
			name = Views;
			sourceTree = "<group>";
		};
		58219EE71B38A23A00A9541A /* Controllers */ = {
			isa = PBXGroup;
			children = (
				58A59E391B3EE9C100A5F30C /* SurveyViewController */,
				58A59E351B3EE97100A5F30C /* GiftCardsListController */,
				58A59E311B3EE94600A5F30C /* ProfileSettingsController */,
				58A59E2D1B3EE91A00A5F30C /* AccountSettingsController */,
				58ACC08C1B39AD2D0081E546 /* DashboardController */,
				58ACC0771B3967C90081E546 /* AuthorizationControllers */,
				58ACC0731B395E020081E546 /* PrivacyAndTermsController */,
				58ACC05F1B3932840081E546 /* TutorialViewControllers */,
			);
			name = Controllers;
			sourceTree = "<group>";
		};
		58219EE81B38A24300A9541A /* UITableViewCells */ = {
			isa = PBXGroup;
			children = (
				589420AC1B4529C7004BAF48 /* BZRZeroInsetsSeparatorCell.h */,
				589420AD1B4529C8004BAF48 /* BZRZeroInsetsSeparatorCell.m */,
			);
			name = UITableViewCells;
			sourceTree = "<group>";
		};
		58219EE91B38A24B00A9541A /* UICollectionViewCells */ = {
			isa = PBXGroup;
			children = (
			);
			name = UICollectionViewCells;
			sourceTree = "<group>";
		};
		58219EEA1B38A26300A9541A /* NetworkManager */ = {
			isa = PBXGroup;
			children = (
				58219EF31B38A2E000A9541A /* BZRNetworkManager.h */,
				58219EF41B38A2E000A9541A /* BZRNetworkManager.m */,
			);
			name = NetworkManager;
			sourceTree = "<group>";
		};
		58219EEB1B38A27700A9541A /* AlertMessageService */ = {
			isa = PBXGroup;
			children = (
				58219F001B38A32700A9541A /* BZRAlertMessageService.h */,
				58219F011B38A32700A9541A /* BZRAlertMessageService.m */,
			);
			name = AlertMessageService;
			sourceTree = "<group>";
		};
		58219EEC1B38A27F00A9541A /* KeyChain */ = {
			isa = PBXGroup;
			children = (
				58B574DF1B38AE200083A80A /* KeychainItemWrapper.h */,
				58B574E01B38AE200083A80A /* KeychainItemWrapper.m */,
			);
			name = KeyChain;
			sourceTree = "<group>";
		};
		58219EED1B38A28600A9541A /* Validator */ = {
			isa = PBXGroup;
			children = (
				58219EFA1B38A30300A9541A /* BZRValidator.h */,
				58219EFB1B38A30300A9541A /* BZRValidator.m */,
			);
			name = Validator;
			sourceTree = "<group>";
		};
		58219EEE1B38A29400A9541A /* NSDictionary */ = {
			isa = PBXGroup;
			children = (
				58219F1A1B38A3FC00A9541A /* NSDictionary+JSONRepresentation */,
			);
			name = NSDictionary;
			sourceTree = "<group>";
		};
		58219EEF1B38A29B00A9541A /* NSString */ = {
			isa = PBXGroup;
			children = (
				58219F161B38A3DA00A9541A /* NSString+ContainsString */,
			);
			name = NSString;
			sourceTree = "<group>";
		};
		58219EF01B38A2AA00A9541A /* UIImagePickerController */ = {
			isa = PBXGroup;
			children = (
				58219F121B38A3B600A9541A /* UIImagePickerController+FixOrientation */,
			);
			name = UIImagePickerController;
			sourceTree = "<group>";
		};
		58219EF11B38A2C300A9541A /* UIView */ = {
			isa = PBXGroup;
			children = (
				586ED0CE1B46E8A900FEB250 /* UIView+SoftRemoving */,
				58A7E2371B45A35800A1489A /* UIView+ConfigureAnchorPoint */,
				58219F071B38A36300A9541A /* UIView+Shaking */,
				58219F061B38A35800A9541A /* UIView+MakeFromXib */,
			);
			name = UIView;
			sourceTree = "<group>";
		};
		58219EF21B38A2CA00A9541A /* UIViewController */ = {
			isa = PBXGroup;
			children = (
				58219F0E1B38A39100A9541A /* UIViewController+FixOrientation */,
			);
			name = UIViewController;
			sourceTree = "<group>";
		};
		58219F061B38A35800A9541A /* UIView+MakeFromXib */ = {
			isa = PBXGroup;
			children = (
				58219F0B1B38A38600A9541A /* UIView+MakeFromXib.h */,
				58219F0C1B38A38600A9541A /* UIView+MakeFromXib.m */,
			);
			name = "UIView+MakeFromXib";
			sourceTree = "<group>";
		};
		58219F071B38A36300A9541A /* UIView+Shaking */ = {
			isa = PBXGroup;
			children = (
				58219F081B38A37600A9541A /* UIView+Shaking.h */,
				58219F091B38A37600A9541A /* UIView+Shaking.m */,
			);
			name = "UIView+Shaking";
			sourceTree = "<group>";
		};
		58219F0E1B38A39100A9541A /* UIViewController+FixOrientation */ = {
			isa = PBXGroup;
			children = (
				58219F031B38A33E00A9541A /* UIViewController+fixOrientation.h */,
				58219F041B38A33E00A9541A /* UIViewController+fixOrientation.m */,
			);
			name = "UIViewController+FixOrientation";
			sourceTree = "<group>";
		};
		58219F121B38A3B600A9541A /* UIImagePickerController+FixOrientation */ = {
			isa = PBXGroup;
			children = (
				58219F0F1B38A3B200A9541A /* UIImagePickerController+fixOrientation.h */,
				58219F101B38A3B200A9541A /* UIImagePickerController+fixOrientation.m */,
			);
			name = "UIImagePickerController+FixOrientation";
			sourceTree = "<group>";
		};
		58219F161B38A3DA00A9541A /* NSString+ContainsString */ = {
			isa = PBXGroup;
			children = (
				58219F131B38A3D700A9541A /* NSString+ContainsString.h */,
				58219F141B38A3D700A9541A /* NSString+ContainsString.m */,
			);
			name = "NSString+ContainsString";
			sourceTree = "<group>";
		};
		58219F1A1B38A3FC00A9541A /* NSDictionary+JSONRepresentation */ = {
			isa = PBXGroup;
			children = (
				58219F171B38A3F600A9541A /* NSDictionary+JSONRepresentation.h */,
				58219F181B38A3F600A9541A /* NSDictionary+JSONRepresentation.m */,
			);
			name = "NSDictionary+JSONRepresentation";
			sourceTree = "<group>";
		};
		585813A71B3BEDAB0087AEE2 /* Token */ = {
			isa = PBXGroup;
			children = (
				5899D2561B4AC0F000565F11 /* AppToken */,
				5899D2551B4AC0E800565F11 /* UserToken */,
			);
			name = Token;
			sourceTree = "<group>";
		};
		585813AB1B3C235C0087AEE2 /* Survey */ = {
			isa = PBXGroup;
			children = (
				585813AC1B3C23840087AEE2 /* BZRSurvey.h */,
				585813AD1B3C23840087AEE2 /* BZRSurvey.m */,
			);
			name = Survey;
			sourceTree = "<group>";
		};
		586ED0CE1B46E8A900FEB250 /* UIView+SoftRemoving */ = {
			isa = PBXGroup;
			children = (
				586ED0CF1B46E8F500FEB250 /* UIView+SoftRemoving.h */,
				586ED0D01B46E8F500FEB250 /* UIView+SoftRemoving.m */,
			);
			name = "UIView+SoftRemoving";
			sourceTree = "<group>";
		};
		5878D3DA1B43F8D500A917D0 /* ReachabilityHelper */ = {
			isa = PBXGroup;
			children = (
				5878D3DB1B43F92100A917D0 /* BZRReachabilityHelper.h */,
				5878D3DC1B43F92100A917D0 /* BZRReachabilityHelper.m */,
			);
			name = ReachabilityHelper;
			sourceTree = "<group>";
		};
		5878D3DE1B4426A000A917D0 /* CommonDateFormatter */ = {
			isa = PBXGroup;
			children = (
				5878D3DF1B4426DF00A917D0 /* BZRCommonDateFormatter.h */,
				5878D3E01B4426DF00A917D0 /* BZRCommonDateFormatter.m */,
			);
			name = CommonDateFormatter;
			sourceTree = "<group>";
		};
		589420881B450FC8004BAF48 /* SettingsContaiterController */ = {
			isa = PBXGroup;
			children = (
				589420891B450FF6004BAF48 /* BZRAccountSettingsContaiterController.h */,
				5894208A1B450FF6004BAF48 /* BZRAccountSettingsContaiterController.m */,
			);
			name = SettingsContaiterController;
			sourceTree = "<group>";
		};
		5894208C1B45113B004BAF48 /* ProfileSettingsContainerController */ = {
			isa = PBXGroup;
			children = (
				589420AF1B4567B2004BAF48 /* BZREditProfileContainerController.h */,
				589420B01B4567B2004BAF48 /* BZREditProfileContainerController.m */,
			);
			name = ProfileSettingsContainerController;
			sourceTree = "<group>";
		};
		589420901B451B96004BAF48 /* PickerHolder */ = {
			isa = PBXGroup;
			children = (
				5894209F1B451E35004BAF48 /* BZRPickerHolder.h */,
				589420A01B451E35004BAF48 /* BZRPickerHolder.m */,
			);
			name = PickerHolder;
			sourceTree = "<group>";
		};
		589420A21B452616004BAF48 /* PickersHelper */ = {
			isa = PBXGroup;
			children = (
				589420A31B45278E004BAF48 /* BZRPickersHelper.h */,
				589420A41B45278E004BAF48 /* BZRPickersHelper.m */,
			);
			name = PickersHelper;
			sourceTree = "<group>";
		};
		589420A61B4527F4004BAF48 /* CommonPickerView */ = {
			isa = PBXGroup;
			children = (
				589420A71B452813004BAF48 /* BZRCommonPickerView.h */,
				589420A81B452813004BAF48 /* BZRCommonPickerView.m */,
				589420AA1B452827004BAF48 /* BZRCommonPickerView.xib */,
			);
			name = CommonPickerView;
			sourceTree = "<group>";
		};
		5899D2551B4AC0E800565F11 /* UserToken */ = {
			isa = PBXGroup;
			children = (
				585813A81B3BEDCC0087AEE2 /* BZRUserToken.h */,
				585813A91B3BEDCC0087AEE2 /* BZRUserToken.m */,
			);
			name = UserToken;
			sourceTree = "<group>";
		};
		5899D2561B4AC0F000565F11 /* AppToken */ = {
			isa = PBXGroup;
			children = (
				5899D2521B4AB94200565F11 /* BZRApplicationToken.h */,
				5899D2531B4AB94200565F11 /* BZRApplicationToken.m */,
			);
			name = AppToken;
			sourceTree = "<group>";
		};
		58A0B2061B3854CF003C100C = {
			isa = PBXGroup;
			children = (
				58A0B2111B3854CF003C100C /* BizrateRewards */,
				58A0B22B1B3854CF003C100C /* BizrateRewardsTests */,
				58A0B2101B3854CF003C100C /* Products */,
				FEA134F280DE37482414084B /* Pods */,
				D31C9EB6CC9E9EA49476A0B1 /* Frameworks */,
			);
			sourceTree = "<group>";
		};
		58A0B2101B3854CF003C100C /* Products */ = {
			isa = PBXGroup;
			children = (
				58A0B20F1B3854CF003C100C /* BizrateRewards.app */,
				58A0B2281B3854CF003C100C /* BizrateRewardsTests.xctest */,
			);
			name = Products;
			sourceTree = "<group>";
		};
		58A0B2111B3854CF003C100C /* BizrateRewards */ = {
			isa = PBXGroup;
			children = (
				58219EDB1B38A06600A9541A /* Classes */,
				58A0B21F1B3854CF003C100C /* Images.xcassets */,
				58A0B2121B3854CF003C100C /* Supporting Files */,
			);
			path = BizrateRewards;
			sourceTree = "<group>";
		};
		58A0B2121B3854CF003C100C /* Supporting Files */ = {
			isa = PBXGroup;
			children = (
				58219EDD1B38A08E00A9541A /* Macros */,
				58219EDC1B38A06E00A9541A /* Resources */,
				58A0B21C1B3854CF003C100C /* Main.storyboard */,
			);
			name = "Supporting Files";
			sourceTree = "<group>";
		};
		58A0B22B1B3854CF003C100C /* BizrateRewardsTests */ = {
			isa = PBXGroup;
			children = (
				58A0B22E1B3854CF003C100C /* BizrateRewardsTests.m */,
				58A0B22C1B3854CF003C100C /* Supporting Files */,
			);
			path = BizrateRewardsTests;
			sourceTree = "<group>";
		};
		58A0B22C1B3854CF003C100C /* Supporting Files */ = {
			isa = PBXGroup;
			children = (
				58A0B22D1B3854CF003C100C /* Info.plist */,
			);
			name = "Supporting Files";
			sourceTree = "<group>";
		};
		58A4BBCB1B42709E008F4EA7 /* BirthDatePicker */ = {
			isa = PBXGroup;
			children = (
				5894209A1B451E0F004BAF48 /* BZRBirthDatePickerView.h */,
				5894209B1B451E0F004BAF48 /* BZRBirthDatePickerView.m */,
				5894209C1B451E0F004BAF48 /* BZRBirthDatePickerView.xib */,
			);
			name = BirthDatePicker;
			sourceTree = "<group>";
		};
		58A59E211B3EDB2200A5F30C /* GeolocationAccessController */ = {
			isa = PBXGroup;
			children = (
				58A59E231B3EDFDC00A5F30C /* BZRGeolocationAccessController.h */,
				58A59E241B3EDFDC00A5F30C /* BZRGeolocationAccessController.m */,
			);
			name = GeolocationAccessController;
			sourceTree = "<group>";
		};
		58A59E221B3EDB2D00A5F30C /* PushNotificationsAccessController */ = {
			isa = PBXGroup;
			children = (
				58A59E261B3EE00B00A5F30C /* BZRPushNotificationsAccessController.h */,
				58A59E271B3EE00B00A5F30C /* BZRPushNotificationsAccessController.m */,
			);
			name = PushNotificationsAccessController;
			sourceTree = "<group>";
		};
		58A59E291B3EE8E800A5F30C /* FinishTutorialController */ = {
			isa = PBXGroup;
			children = (
				58A59E2A1B3EE91000A5F30C /* BZRFinishTutorialController.h */,
				58A59E2B1B3EE91000A5F30C /* BZRFinishTutorialController.m */,
			);
			name = FinishTutorialController;
			sourceTree = "<group>";
		};
		58A59E2D1B3EE91A00A5F30C /* AccountSettingsController */ = {
			isa = PBXGroup;
			children = (
				589420881B450FC8004BAF48 /* SettingsContaiterController */,
				58A59E2E1B3EE93F00A5F30C /* BZRAccountSettingsController.h */,
				58A59E2F1B3EE93F00A5F30C /* BZRAccountSettingsController.m */,
			);
			name = AccountSettingsController;
			sourceTree = "<group>";
		};
		58A59E311B3EE94600A5F30C /* ProfileSettingsController */ = {
			isa = PBXGroup;
			children = (
				5894208C1B45113B004BAF48 /* ProfileSettingsContainerController */,
				58A59E321B3EE96700A5F30C /* BZREditProfileController.h */,
				58A59E331B3EE96700A5F30C /* BZREditProfileController.m */,
			);
			name = ProfileSettingsController;
			sourceTree = "<group>";
		};
		58A59E351B3EE97100A5F30C /* GiftCardsListController */ = {
			isa = PBXGroup;
			children = (
				58A59E361B3EE99400A5F30C /* BZRGiftCardsListController.h */,
				58A59E371B3EE99400A5F30C /* BZRGiftCardsListController.m */,
			);
			name = GiftCardsListController;
			sourceTree = "<group>";
		};
		58A59E391B3EE9C100A5F30C /* SurveyViewController */ = {
			isa = PBXGroup;
			children = (
				58ADC0E11B4BDCAC00DF849F /* FinishSurveyController */,
				58ADC0E01B4BDC9700DF849F /* MainSurveyController */,
			);
			name = SurveyViewController;
			sourceTree = "<group>";
		};
		58A5BEB51B4133CC00B2BC27 /* CheckboxButton */ = {
			isa = PBXGroup;
			children = (
				58A5BEBE1B415C2F00B2BC27 /* BZRCheckBoxButton.h */,
				58A5BEBF1B415C2F00B2BC27 /* BZRCheckBoxButton.m */,
			);
			name = CheckboxButton;
			sourceTree = "<group>";
		};
		58A5BEB61B4133D400B2BC27 /* BorderedTextField */ = {
			isa = PBXGroup;
			children = (
				58A5BEBB1B414B1800B2BC27 /* BZRBorderedTextField.h */,
				58A5BEBC1B414B1800B2BC27 /* BZRBorderedTextField.m */,
			);
			name = BorderedTextField;
			sourceTree = "<group>";
		};
		58A5BEB71B4133E000B2BC27 /* LeftImageTextField */ = {
			isa = PBXGroup;
			children = (
				58A5BEB81B414ADC00B2BC27 /* BZRLeftImageTextField.h */,
				58A5BEB91B414ADC00B2BC27 /* BZRLeftImageTextField.m */,
			);
			name = LeftImageTextField;
			sourceTree = "<group>";
		};
		58A5BEC11B415C4B00B2BC27 /* StarView */ = {
			isa = PBXGroup;
			children = (
				58A5BEC21B415C7000B2BC27 /* BZRStarView.h */,
				58A5BEC31B415C7000B2BC27 /* BZRStarView.m */,
			);
			name = StarView;
			sourceTree = "<group>";
		};
		58A7E2371B45A35800A1489A /* UIView+ConfigureAnchorPoint */ = {
			isa = PBXGroup;
			children = (
				58A7E2381B45A3A200A1489A /* UIView+ConfigureAnchorPoint.h */,
				58A7E2391B45A3A200A1489A /* UIView+ConfigureAnchorPoint.m */,
			);
			name = "UIView+ConfigureAnchorPoint";
			sourceTree = "<group>";
		};
		58A91F301B3A821C0032607F /* LocationObserver */ = {
			isa = PBXGroup;
			children = (
				58A91F311B3A823D0032607F /* BZRLocationObserver.h */,
				58A91F321B3A823D0032607F /* BZRLocationObserver.m */,
			);
			name = LocationObserver;
			sourceTree = "<group>";
		};
		58A91F351B3A91980032607F /* GiftCard */ = {
			isa = PBXGroup;
			children = (
				58A91F391B3A91E20032607F /* BZRGiftCard.h */,
				58A91F3A1B3A91E20032607F /* BZRGiftCard.m */,
			);
			name = GiftCard;
			sourceTree = "<group>";
		};
		58A91F3D1B3A932F0032607F /* Protocols */ = {
			isa = PBXGroup;
			children = (
				58A91F3E1B3A93400032607F /* Mapping */,
			);
			name = Protocols;
			sourceTree = "<group>";
		};
		58A91F3E1B3A93400032607F /* Mapping */ = {
			isa = PBXGroup;
			children = (
				58A91F3F1B3A937B0032607F /* BZRMappingProtocol.h */,
			);
			name = Mapping;
			sourceTree = "<group>";
		};
		58A91F401B3A99470032607F /* RoundedImageView */ = {
			isa = PBXGroup;
			children = (
				58A91F411B3A995F0032607F /* BZRRoundedImageView.h */,
				58A91F421B3A995F0032607F /* BZRRoundedImageView.m */,
			);
			name = RoundedImageView;
			sourceTree = "<group>";
		};
		58A91F441B3ABE480032607F /* Managers */ = {
			isa = PBXGroup;
			children = (
				58A91F451B3ABE500032607F /* StorageManager */,
			);
			name = Managers;
			sourceTree = "<group>";
		};
		58A91F451B3ABE500032607F /* StorageManager */ = {
			isa = PBXGroup;
			children = (
				58A91F461B3ABE6D0032607F /* BZRStorageManager.h */,
				58A91F471B3ABE6D0032607F /* BZRStorageManager.m */,
			);
			name = StorageManager;
			sourceTree = "<group>";
		};
		58A91F551B3AD8220032607F /* UserProfile */ = {
			isa = PBXGroup;
			children = (
				58A91F561B3AD83F0032607F /* BZRUserProfile.h */,
				58A91F571B3AD83F0032607F /* BZRUserProfile.m */,
			);
			name = UserProfile;
			sourceTree = "<group>";
		};
		58ACC05F1B3932840081E546 /* TutorialViewControllers */ = {
			isa = PBXGroup;
			children = (
				58ADC0E51B4BDCC900DF849F /* SecondTutorialController */,
				58A59E291B3EE8E800A5F30C /* FinishTutorialController */,
				58A59E221B3EDB2D00A5F30C /* PushNotificationsAccessController */,
				58A59E211B3EDB2200A5F30C /* GeolocationAccessController */,
				58ACC0641B3936780081E546 /* StartTutorialController */,
				58ACC0631B3936340081E546 /* BaseTutorialController */,
			);
			name = TutorialViewControllers;
			sourceTree = "<group>";
		};
		58ACC0631B3936340081E546 /* BaseTutorialController */ = {
			isa = PBXGroup;
			children = (
				58ACC06B1B3937160081E546 /* BZRBaseTutorialController.h */,
				58ACC06C1B3937160081E546 /* BZRBaseTutorialController.m */,
			);
			name = BaseTutorialController;
			sourceTree = "<group>";
		};
		58ACC0641B3936780081E546 /* StartTutorialController */ = {
			isa = PBXGroup;
			children = (
				58ACC0681B3937010081E546 /* BZRStartTutorialController.h */,
				58ACC0691B3937010081E546 /* BZRStartTutorialController.m */,
			);
			name = StartTutorialController;
			sourceTree = "<group>";
		};
		58ACC0731B395E020081E546 /* PrivacyAndTermsController */ = {
			isa = PBXGroup;
			children = (
				58ACC0741B395E6A0081E546 /* BZRPrivacyAndTermsController.h */,
				58ACC0751B395E6A0081E546 /* BZRPrivacyAndTermsController.m */,
			);
			name = PrivacyAndTermsController;
			sourceTree = "<group>";
		};
		58ACC0771B3967C90081E546 /* AuthorizationControllers */ = {
			isa = PBXGroup;
			children = (
				58ACC0881B39A33F0081E546 /* BaseAuthController */,
				58ACC07B1B3967F80081E546 /* GetStartedController */,
				58ACC07A1B3967E80081E546 /* ChooseSignUpTypeController */,
				58ACC0791B3967DD0081E546 /* SignUpController */,
				58ACC0781B3967D20081E546 /* SignInController */,
			);
			name = AuthorizationControllers;
			sourceTree = "<group>";
		};
		58ACC0781B3967D20081E546 /* SignInController */ = {
			isa = PBXGroup;
			children = (
				58ACC07C1B3968830081E546 /* BZRSignInController.h */,
				58ACC07D1B3968830081E546 /* BZRSignInController.m */,
			);
			name = SignInController;
			sourceTree = "<group>";
		};
		58ACC0791B3967DD0081E546 /* SignUpController */ = {
			isa = PBXGroup;
			children = (
				58ACC07F1B39689F0081E546 /* BZRSignUpController.h */,
				58ACC0801B39689F0081E546 /* BZRSignUpController.m */,
			);
			name = SignUpController;
			sourceTree = "<group>";
		};
		58ACC07A1B3967E80081E546 /* ChooseSignUpTypeController */ = {
			isa = PBXGroup;
			children = (
				58ACC0821B3968BF0081E546 /* BZRChooseSignUpTypeController.h */,
				58ACC0831B3968BF0081E546 /* BZRChooseSignUpTypeController.m */,
			);
			name = ChooseSignUpTypeController;
			sourceTree = "<group>";
		};
		58ACC07B1B3967F80081E546 /* GetStartedController */ = {
			isa = PBXGroup;
			children = (
				58ACC0851B3968DA0081E546 /* BZRGetStartedController.h */,
				58ACC0861B3968DA0081E546 /* BZRGetStartedController.m */,
			);
			name = GetStartedController;
			sourceTree = "<group>";
		};
		58ACC0881B39A33F0081E546 /* BaseAuthController */ = {
			isa = PBXGroup;
			children = (
				58ACC0891B39A35D0081E546 /* BZRBaseAuthController.h */,
				58ACC08A1B39A35D0081E546 /* BZRBaseAuthController.m */,
			);
			name = BaseAuthController;
			sourceTree = "<group>";
		};
		58ACC08C1B39AD2D0081E546 /* DashboardController */ = {
			isa = PBXGroup;
			children = (
				58ACC08D1B39AD490081E546 /* BZRDashboardController.h */,
				58ACC08E1B39AD490081E546 /* BZRDashboardController.m */,
			);
			name = DashboardController;
			sourceTree = "<group>";
		};
		58ADC0E01B4BDC9700DF849F /* MainSurveyController */ = {
			isa = PBXGroup;
			children = (
				58A59E3A1B3EE9E300A5F30C /* BZRSurveyViewController.h */,
				58A59E3B1B3EE9E300A5F30C /* BZRSurveyViewController.m */,
			);
			name = MainSurveyController;
			sourceTree = "<group>";
		};
		58ADC0E11B4BDCAC00DF849F /* FinishSurveyController */ = {
			isa = PBXGroup;
			children = (
				58ADC0E21B4BDCC200DF849F /* BZRFinishSurveyController.h */,
				58ADC0E31B4BDCC200DF849F /* BZRFinishSurveyController.m */,
			);
			name = FinishSurveyController;
			sourceTree = "<group>";
		};
		58ADC0E51B4BDCC900DF849F /* SecondTutorialController */ = {
			isa = PBXGroup;
			children = (
				58ADC0E61B4BDCE400DF849F /* BZRSecondTutorialController.h */,
				58ADC0E71B4BDCE400DF849F /* BZRSecondTutorialController.m */,
			);
			name = SecondTutorialController;
			sourceTree = "<group>";
		};
		58E512241B4C6DFE00865694 /* Fonts */ = {
			isa = PBXGroup;
			children = (
				58E512391B4C70AF00865694 /* OpenSans-Bold.ttf */,
				58E5123A1B4C70AF00865694 /* OpenSans-BoldItalic.ttf */,
				58E5123B1B4C70AF00865694 /* OpenSans-ExtraBold.ttf */,
				58E5123C1B4C70AF00865694 /* OpenSans-ExtraBoldItalic.ttf */,
				58E5123D1B4C70AF00865694 /* OpenSans-Italic.ttf */,
				58E5123E1B4C70AF00865694 /* OpenSans-Light.ttf */,
				58E5123F1B4C70AF00865694 /* OpenSans-LightItalic.ttf */,
				58E512401B4C70AF00865694 /* OpenSans-Regular.ttf */,
				58E512411B4C70AF00865694 /* OpenSans-Semibold.ttf */,
				58E512421B4C70AF00865694 /* OpenSans-SemiboldItalic.ttf */,
			);
			name = Fonts;
			sourceTree = "<group>";
		};
		58F49FBF1B417F06002F93EE /* PushNotificationsService */ = {
			isa = PBXGroup;
			children = (
				58F49FC71B4197B7002F93EE /* BZRPushNotifiactionService.h */,
				58F49FC81B4197B7002F93EE /* BZRPushNotifiactionService.m */,
			);
			name = PushNotificationsService;
			sourceTree = "<group>";
		};
		58F49FC31B4181D2002F93EE /* GlobalConstants */ = {
			isa = PBXGroup;
			children = (
				589420991B451DD2004BAF48 /* BZRGlobalConstants.h */,
			);
			name = GlobalConstants;
			sourceTree = "<group>";
		};
		84AD3EFE1B4587B100C294AE /* ProgressView */ = {
			isa = PBXGroup;
			children = (
				84AD3EFF1B4587D900C294AE /* BZRProgressView.h */,
				84AD3F001B4587DA00C294AE /* BZRProgressView.m */,
			);
			name = ProgressView;
			sourceTree = "<group>";
		};
		D31C9EB6CC9E9EA49476A0B1 /* Frameworks */ = {
			isa = PBXGroup;
			children = (
				58A91F2E1B3A80A80032607F /* CoreLocation.framework */,
				58219F231B38A5A600A9541A /* QuartzCore.framework */,
				58219F211B38A59F00A9541A /* CoreGraphics.framework */,
				58219F1F1B38A59000A9541A /* Security.framework */,
				58219F1D1B38A58900A9541A /* UIKit.framework */,
				58219F1B1B38A58300A9541A /* Foundation.framework */,
				7AF1FB2A8C4A8673EF3998F1 /* libPods.a */,
			);
			name = Frameworks;
			sourceTree = "<group>";
		};
		FEA134F280DE37482414084B /* Pods */ = {
			isa = PBXGroup;
			children = (
				16E7A55401C14794D2730A8C /* Pods.debug.xcconfig */,
				E535AA4CB211EDDB654D82EC /* Pods.release.xcconfig */,
			);
			name = Pods;
			sourceTree = "<group>";
		};
/* End PBXGroup section */

/* Begin PBXNativeTarget section */
		58A0B20E1B3854CF003C100C /* BizrateRewards */ = {
			isa = PBXNativeTarget;
			buildConfigurationList = 58A0B2321B3854CF003C100C /* Build configuration list for PBXNativeTarget "BizrateRewards" */;
			buildPhases = (
				7C38B15BCC7AF1C43512E319 /* Check Pods Manifest.lock */,
				58A0B20B1B3854CF003C100C /* Sources */,
				58A0B20C1B3854CF003C100C /* Frameworks */,
				58A0B20D1B3854CF003C100C /* Resources */,
				C57F5EDF89D178F001D4AB8B /* Copy Pods Resources */,
			);
			buildRules = (
			);
			dependencies = (
			);
			name = BizrateRewards;
			productName = BizrateRewards;
			productReference = 58A0B20F1B3854CF003C100C /* BizrateRewards.app */;
			productType = "com.apple.product-type.application";
		};
		58A0B2271B3854CF003C100C /* BizrateRewardsTests */ = {
			isa = PBXNativeTarget;
			buildConfigurationList = 58A0B2351B3854CF003C100C /* Build configuration list for PBXNativeTarget "BizrateRewardsTests" */;
			buildPhases = (
				58A0B2241B3854CF003C100C /* Sources */,
				58A0B2251B3854CF003C100C /* Frameworks */,
				58A0B2261B3854CF003C100C /* Resources */,
			);
			buildRules = (
			);
			dependencies = (
				58A0B22A1B3854CF003C100C /* PBXTargetDependency */,
			);
			name = BizrateRewardsTests;
			productName = BizrateRewardsTests;
			productReference = 58A0B2281B3854CF003C100C /* BizrateRewardsTests.xctest */;
			productType = "com.apple.product-type.bundle.unit-test";
		};
/* End PBXNativeTarget section */

/* Begin PBXProject section */
		58A0B2071B3854CF003C100C /* Project object */ = {
			isa = PBXProject;
			attributes = {
				CLASSPREFIX = BZR;
				LastUpgradeCheck = 0630;
				ORGANIZATIONNAME = ThinkMobiles;
				TargetAttributes = {
					58A0B20E1B3854CF003C100C = {
						CreatedOnToolsVersion = 6.3.1;
					};
					58A0B2271B3854CF003C100C = {
						CreatedOnToolsVersion = 6.3.1;
						TestTargetID = 58A0B20E1B3854CF003C100C;
					};
				};
			};
			buildConfigurationList = 58A0B20A1B3854CF003C100C /* Build configuration list for PBXProject "BizrateRewards" */;
			compatibilityVersion = "Xcode 3.2";
			developmentRegion = English;
			hasScannedForEncodings = 0;
			knownRegions = (
				en,
				Base,
			);
			mainGroup = 58A0B2061B3854CF003C100C;
			productRefGroup = 58A0B2101B3854CF003C100C /* Products */;
			projectDirPath = "";
			projectRoot = "";
			targets = (
				58A0B20E1B3854CF003C100C /* BizrateRewards */,
				58A0B2271B3854CF003C100C /* BizrateRewardsTests */,
			);
		};
/* End PBXProject section */

/* Begin PBXResourcesBuildPhase section */
		58A0B20D1B3854CF003C100C /* Resources */ = {
			isa = PBXResourcesBuildPhase;
			buildActionMask = 2147483647;
			files = (
				58E512471B4C70AF00865694 /* OpenSans-Italic.ttf in Resources */,
				58E512441B4C70AF00865694 /* OpenSans-BoldItalic.ttf in Resources */,
				589420AB1B452827004BAF48 /* BZRCommonPickerView.xib in Resources */,
				58E5124B1B4C70AF00865694 /* OpenSans-Semibold.ttf in Resources */,
				58E512451B4C70AF00865694 /* OpenSans-ExtraBold.ttf in Resources */,
				58A0B21E1B3854CF003C100C /* Main.storyboard in Resources */,
				58E512491B4C70AF00865694 /* OpenSans-LightItalic.ttf in Resources */,
				5894209E1B451E0F004BAF48 /* BZRBirthDatePickerView.xib in Resources */,
				58E512431B4C70AF00865694 /* OpenSans-Bold.ttf in Resources */,
				58A0B2201B3854CF003C100C /* Images.xcassets in Resources */,
				58E5124C1B4C70AF00865694 /* OpenSans-SemiboldItalic.ttf in Resources */,
				58E512481B4C70AF00865694 /* OpenSans-Light.ttf in Resources */,
				58E5124A1B4C70AF00865694 /* OpenSans-Regular.ttf in Resources */,
				58E512461B4C70AF00865694 /* OpenSans-ExtraBoldItalic.ttf in Resources */,
			);
			runOnlyForDeploymentPostprocessing = 0;
		};
		58A0B2261B3854CF003C100C /* Resources */ = {
			isa = PBXResourcesBuildPhase;
			buildActionMask = 2147483647;
			files = (
			);
			runOnlyForDeploymentPostprocessing = 0;
		};
/* End PBXResourcesBuildPhase section */

/* Begin PBXShellScriptBuildPhase section */
		7C38B15BCC7AF1C43512E319 /* Check Pods Manifest.lock */ = {
			isa = PBXShellScriptBuildPhase;
			buildActionMask = 2147483647;
			files = (
			);
			inputPaths = (
			);
			name = "Check Pods Manifest.lock";
			outputPaths = (
			);
			runOnlyForDeploymentPostprocessing = 0;
			shellPath = /bin/sh;
			shellScript = "diff \"${PODS_ROOT}/../Podfile.lock\" \"${PODS_ROOT}/Manifest.lock\" > /dev/null\nif [[ $? != 0 ]] ; then\n    cat << EOM\nerror: The sandbox is not in sync with the Podfile.lock. Run 'pod install' or update your CocoaPods installation.\nEOM\n    exit 1\nfi\n";
			showEnvVarsInLog = 0;
		};
		C57F5EDF89D178F001D4AB8B /* Copy Pods Resources */ = {
			isa = PBXShellScriptBuildPhase;
			buildActionMask = 2147483647;
			files = (
			);
			inputPaths = (
			);
			name = "Copy Pods Resources";
			outputPaths = (
			);
			runOnlyForDeploymentPostprocessing = 0;
			shellPath = /bin/sh;
			shellScript = "\"${SRCROOT}/Pods/Target Support Files/Pods/Pods-resources.sh\"\n";
			showEnvVarsInLog = 0;
		};
/* End PBXShellScriptBuildPhase section */

/* Begin PBXSourcesBuildPhase section */
		58A0B20B1B3854CF003C100C /* Sources */ = {
			isa = PBXSourcesBuildPhase;
			buildActionMask = 2147483647;
			files = (
				589420931B451D79004BAF48 /* AppDelegate.m in Sources */,
				58A91F3B1B3A91E20032607F /* BZRGiftCard.m in Sources */,
				58A59E301B3EE93F00A5F30C /* BZRAccountSettingsController.m in Sources */,
				58ACC08F1B39AD490081E546 /* BZRDashboardController.m in Sources */,
				589420A91B452813004BAF48 /* BZRCommonPickerView.m in Sources */,
				58A59E251B3EDFDC00A5F30C /* BZRGeolocationAccessController.m in Sources */,
				589420981B451D87004BAF48 /* main.m in Sources */,
				58A91F431B3A995F0032607F /* BZRRoundedImageView.m in Sources */,
				58219F0D1B38A38600A9541A /* UIView+MakeFromXib.m in Sources */,
				58A59E381B3EE99400A5F30C /* BZRGiftCardsListController.m in Sources */,
				589420AE1B4529C8004BAF48 /* BZRZeroInsetsSeparatorCell.m in Sources */,
				586ED0D11B46E8F500FEB250 /* UIView+SoftRemoving.m in Sources */,
				58A59E3C1B3EE9E300A5F30C /* BZRSurveyViewController.m in Sources */,
				58ACC0841B3968BF0081E546 /* BZRChooseSignUpTypeController.m in Sources */,
				58A59E341B3EE96700A5F30C /* BZREditProfileController.m in Sources */,
				589420B11B4567B2004BAF48 /* BZREditProfileContainerController.m in Sources */,
				585813AA1B3BEDCC0087AEE2 /* BZRUserToken.m in Sources */,
				58B574E11B38AE200083A80A /* KeychainItemWrapper.m in Sources */,
				58ACC06A1B3937010081E546 /* BZRStartTutorialController.m in Sources */,
				589420A11B451E35004BAF48 /* BZRPickerHolder.m in Sources */,
				58A7E23A1B45A3A200A1489A /* UIView+ConfigureAnchorPoint.m in Sources */,
				58A91F481B3ABE6D0032607F /* BZRStorageManager.m in Sources */,
				58ACC06D1B3937160081E546 /* BZRBaseTutorialController.m in Sources */,
				58A5BEBA1B414ADC00B2BC27 /* BZRLeftImageTextField.m in Sources */,
				58A5BEC01B415C2F00B2BC27 /* BZRCheckBoxButton.m in Sources */,
				58ACC0761B395E6A0081E546 /* BZRPrivacyAndTermsController.m in Sources */,
				58A91F331B3A823D0032607F /* BZRLocationObserver.m in Sources */,
				58219EF51B38A2E000A9541A /* BZRNetworkManager.m in Sources */,
				58A91F581B3AD83F0032607F /* BZRUserProfile.m in Sources */,
				5899D2541B4AB94200565F11 /* BZRApplicationToken.m in Sources */,
				5894209D1B451E0F004BAF48 /* BZRBirthDatePickerView.m in Sources */,
				58219F021B38A32700A9541A /* BZRAlertMessageService.m in Sources */,
				58219F111B38A3B200A9541A /* UIImagePickerController+fixOrientation.m in Sources */,
				58ADC0E41B4BDCC200DF849F /* BZRFinishSurveyController.m in Sources */,
				58ADC0E81B4BDCE400DF849F /* BZRSecondTutorialController.m in Sources */,
				589420A51B45278E004BAF48 /* BZRPickersHelper.m in Sources */,
				5878D3E11B4426E000A917D0 /* BZRCommonDateFormatter.m in Sources */,
				58ACC0811B39689F0081E546 /* BZRSignUpController.m in Sources */,
				58219F191B38A3F600A9541A /* NSDictionary+JSONRepresentation.m in Sources */,
				84AD3F011B4587DA00C294AE /* BZRProgressView.m in Sources */,
				58A5BEBD1B414B1800B2BC27 /* BZRBorderedTextField.m in Sources */,
				58219EF91B38A2EE00A9541A /* BZRDataManager.m in Sources */,
				58ACC08B1B39A35D0081E546 /* BZRBaseAuthController.m in Sources */,
				58219F051B38A33E00A9541A /* UIViewController+fixOrientation.m in Sources */,
				58219EFC1B38A30300A9541A /* BZRValidator.m in Sources */,
				5894208B1B450FF6004BAF48 /* BZRAccountSettingsContaiterController.m in Sources */,
				58ACC07E1B3968830081E546 /* BZRSignInController.m in Sources */,
				58F49FC91B4197B7002F93EE /* BZRPushNotifiactionService.m in Sources */,
				58219F151B38A3D700A9541A /* NSString+ContainsString.m in Sources */,
				58219F0A1B38A37600A9541A /* UIView+Shaking.m in Sources */,
				5878D3DD1B43F92100A917D0 /* BZRReachabilityHelper.m in Sources */,
				58ACC0871B3968DA0081E546 /* BZRGetStartedController.m in Sources */,
				58A5BEC41B415C7000B2BC27 /* BZRStarView.m in Sources */,
				585813AE1B3C23840087AEE2 /* BZRSurvey.m in Sources */,
				58A59E281B3EE00B00A5F30C /* BZRPushNotificationsAccessController.m in Sources */,
				58A59E2C1B3EE91000A5F30C /* BZRFinishTutorialController.m in Sources */,
			);
			runOnlyForDeploymentPostprocessing = 0;
		};
		58A0B2241B3854CF003C100C /* Sources */ = {
			isa = PBXSourcesBuildPhase;
			buildActionMask = 2147483647;
			files = (
				58A0B22F1B3854CF003C100C /* BizrateRewardsTests.m in Sources */,
			);
			runOnlyForDeploymentPostprocessing = 0;
		};
/* End PBXSourcesBuildPhase section */

/* Begin PBXTargetDependency section */
		58A0B22A1B3854CF003C100C /* PBXTargetDependency */ = {
			isa = PBXTargetDependency;
			target = 58A0B20E1B3854CF003C100C /* BizrateRewards */;
			targetProxy = 58A0B2291B3854CF003C100C /* PBXContainerItemProxy */;
		};
/* End PBXTargetDependency section */

/* Begin PBXVariantGroup section */
		58A0B21C1B3854CF003C100C /* Main.storyboard */ = {
			isa = PBXVariantGroup;
			children = (
				58A0B21D1B3854CF003C100C /* Base */,
			);
			name = Main.storyboard;
			sourceTree = "<group>";
		};
/* End PBXVariantGroup section */

/* Begin XCBuildConfiguration section */
		58A0B2301B3854CF003C100C /* Debug */ = {
			isa = XCBuildConfiguration;
			buildSettings = {
				ALWAYS_SEARCH_USER_PATHS = NO;
				CLANG_CXX_LANGUAGE_STANDARD = "gnu++0x";
				CLANG_CXX_LIBRARY = "libc++";
				CLANG_ENABLE_MODULES = YES;
				CLANG_ENABLE_OBJC_ARC = YES;
				CLANG_WARN_BOOL_CONVERSION = YES;
				CLANG_WARN_CONSTANT_CONVERSION = YES;
				CLANG_WARN_DIRECT_OBJC_ISA_USAGE = YES_ERROR;
				CLANG_WARN_EMPTY_BODY = YES;
				CLANG_WARN_ENUM_CONVERSION = YES;
				CLANG_WARN_INT_CONVERSION = YES;
				CLANG_WARN_OBJC_ROOT_CLASS = YES_ERROR;
				CLANG_WARN_UNREACHABLE_CODE = YES;
				CLANG_WARN__DUPLICATE_METHOD_MATCH = YES;
				"CODE_SIGN_IDENTITY[sdk=iphoneos*]" = "iPhone Developer";
				COPY_PHASE_STRIP = NO;
				DEBUG_INFORMATION_FORMAT = "dwarf-with-dsym";
				ENABLE_STRICT_OBJC_MSGSEND = YES;
				GCC_C_LANGUAGE_STANDARD = gnu99;
				GCC_DYNAMIC_NO_PIC = NO;
				GCC_NO_COMMON_BLOCKS = YES;
				GCC_OPTIMIZATION_LEVEL = 0;
				GCC_PREPROCESSOR_DEFINITIONS = (
					"DEBUG=1",
					"$(inherited)",
				);
				GCC_SYMBOLS_PRIVATE_EXTERN = NO;
				GCC_WARN_64_TO_32_BIT_CONVERSION = YES;
				GCC_WARN_ABOUT_RETURN_TYPE = YES_ERROR;
				GCC_WARN_UNDECLARED_SELECTOR = YES;
				GCC_WARN_UNINITIALIZED_AUTOS = YES_AGGRESSIVE;
				GCC_WARN_UNUSED_FUNCTION = YES;
				GCC_WARN_UNUSED_VARIABLE = YES;
				IPHONEOS_DEPLOYMENT_TARGET = 8.0;
				MTL_ENABLE_DEBUG_INFO = YES;
				ONLY_ACTIVE_ARCH = YES;
				SDKROOT = iphoneos;
			};
			name = Debug;
		};
		58A0B2311B3854CF003C100C /* Release */ = {
			isa = XCBuildConfiguration;
			buildSettings = {
				ALWAYS_SEARCH_USER_PATHS = NO;
				CLANG_CXX_LANGUAGE_STANDARD = "gnu++0x";
				CLANG_CXX_LIBRARY = "libc++";
				CLANG_ENABLE_MODULES = YES;
				CLANG_ENABLE_OBJC_ARC = YES;
				CLANG_WARN_BOOL_CONVERSION = YES;
				CLANG_WARN_CONSTANT_CONVERSION = YES;
				CLANG_WARN_DIRECT_OBJC_ISA_USAGE = YES_ERROR;
				CLANG_WARN_EMPTY_BODY = YES;
				CLANG_WARN_ENUM_CONVERSION = YES;
				CLANG_WARN_INT_CONVERSION = YES;
				CLANG_WARN_OBJC_ROOT_CLASS = YES_ERROR;
				CLANG_WARN_UNREACHABLE_CODE = YES;
				CLANG_WARN__DUPLICATE_METHOD_MATCH = YES;
				"CODE_SIGN_IDENTITY[sdk=iphoneos*]" = "iPhone Developer";
				COPY_PHASE_STRIP = NO;
				DEBUG_INFORMATION_FORMAT = "dwarf-with-dsym";
				ENABLE_NS_ASSERTIONS = NO;
				ENABLE_STRICT_OBJC_MSGSEND = YES;
				GCC_C_LANGUAGE_STANDARD = gnu99;
				GCC_NO_COMMON_BLOCKS = YES;
				GCC_WARN_64_TO_32_BIT_CONVERSION = YES;
				GCC_WARN_ABOUT_RETURN_TYPE = YES_ERROR;
				GCC_WARN_UNDECLARED_SELECTOR = YES;
				GCC_WARN_UNINITIALIZED_AUTOS = YES_AGGRESSIVE;
				GCC_WARN_UNUSED_FUNCTION = YES;
				GCC_WARN_UNUSED_VARIABLE = YES;
				IPHONEOS_DEPLOYMENT_TARGET = 8.0;
				MTL_ENABLE_DEBUG_INFO = NO;
				SDKROOT = iphoneos;
				VALIDATE_PRODUCT = YES;
			};
			name = Release;
		};
		58A0B2331B3854CF003C100C /* Debug */ = {
			isa = XCBuildConfiguration;
			baseConfigurationReference = 16E7A55401C14794D2730A8C /* Pods.debug.xcconfig */;
			buildSettings = {
				ASSETCATALOG_COMPILER_APPICON_NAME = AppIcon;
				ASSETCATALOG_COMPILER_LAUNCHIMAGE_NAME = LaunchImage;
				CODE_SIGN_IDENTITY = "";
				"CODE_SIGN_IDENTITY[sdk=iphoneos*]" = "";
				CODE_SIGN_RESOURCE_RULES_PATH = "$(SDKROOT)/ResourceRules.plist";
				CURRENT_PROJECT_VERSION = 8;
				GCC_PRECOMPILE_PREFIX_HEADER = YES;
				GCC_PREFIX_HEADER = "BizrateRewards/Resources/BizrateRewards-Prefix.pch";
				INFOPLIST_FILE = BizrateRewards/Resources/Info.plist;
				IPHONEOS_DEPLOYMENT_TARGET = 8.0;
				LD_RUNPATH_SEARCH_PATHS = "$(inherited) @executable_path/Frameworks";
				PRODUCT_NAME = "$(TARGET_NAME)";
				PROVISIONING_PROFILE = "78f94da2-5d5a-4ede-8501-93bbb4eea4ae";
				VERSIONING_SYSTEM = "apple-generic";
			};
			name = Debug;
		};
		58A0B2341B3854CF003C100C /* Release */ = {
			isa = XCBuildConfiguration;
			baseConfigurationReference = E535AA4CB211EDDB654D82EC /* Pods.release.xcconfig */;
			buildSettings = {
				ASSETCATALOG_COMPILER_APPICON_NAME = AppIcon;
				ASSETCATALOG_COMPILER_LAUNCHIMAGE_NAME = LaunchImage;
				CODE_SIGN_IDENTITY = "";
				"CODE_SIGN_IDENTITY[sdk=iphoneos*]" = "";
				CODE_SIGN_RESOURCE_RULES_PATH = "$(SDKROOT)/ResourceRules.plist";
				CURRENT_PROJECT_VERSION = 8;
				GCC_PRECOMPILE_PREFIX_HEADER = YES;
				GCC_PREFIX_HEADER = "BizrateRewards/Resources/BizrateRewards-Prefix.pch";
				INFOPLIST_FILE = BizrateRewards/Resources/Info.plist;
				IPHONEOS_DEPLOYMENT_TARGET = 8.0;
				LD_RUNPATH_SEARCH_PATHS = "$(inherited) @executable_path/Frameworks";
				PRODUCT_NAME = "$(TARGET_NAME)";
				PROVISIONING_PROFILE = "78f94da2-5d5a-4ede-8501-93bbb4eea4ae";
				VERSIONING_SYSTEM = "apple-generic";
			};
			name = Release;
		};
		58A0B2361B3854CF003C100C /* Debug */ = {
			isa = XCBuildConfiguration;
			buildSettings = {
				BUNDLE_LOADER = "$(TEST_HOST)";
				FRAMEWORK_SEARCH_PATHS = (
					"$(SDKROOT)/Developer/Library/Frameworks",
					"$(inherited)",
				);
				GCC_PREPROCESSOR_DEFINITIONS = (
					"DEBUG=1",
					"$(inherited)",
				);
				INFOPLIST_FILE = BizrateRewardsTests/Info.plist;
				LD_RUNPATH_SEARCH_PATHS = "$(inherited) @executable_path/Frameworks @loader_path/Frameworks";
				PRODUCT_NAME = "$(TARGET_NAME)";
				TEST_HOST = "$(BUILT_PRODUCTS_DIR)/BizrateRewards.app/BizrateRewards";
			};
			name = Debug;
		};
		58A0B2371B3854CF003C100C /* Release */ = {
			isa = XCBuildConfiguration;
			buildSettings = {
				BUNDLE_LOADER = "$(TEST_HOST)";
				FRAMEWORK_SEARCH_PATHS = (
					"$(SDKROOT)/Developer/Library/Frameworks",
					"$(inherited)",
				);
				INFOPLIST_FILE = BizrateRewardsTests/Info.plist;
				LD_RUNPATH_SEARCH_PATHS = "$(inherited) @executable_path/Frameworks @loader_path/Frameworks";
				PRODUCT_NAME = "$(TARGET_NAME)";
				TEST_HOST = "$(BUILT_PRODUCTS_DIR)/BizrateRewards.app/BizrateRewards";
			};
			name = Release;
		};
		FD3C26811B4BC3F500404F8B /* AdHoc */ = {
			isa = XCBuildConfiguration;
			buildSettings = {
				ALWAYS_SEARCH_USER_PATHS = NO;
				CLANG_CXX_LANGUAGE_STANDARD = "gnu++0x";
				CLANG_CXX_LIBRARY = "libc++";
				CLANG_ENABLE_MODULES = YES;
				CLANG_ENABLE_OBJC_ARC = YES;
				CLANG_WARN_BOOL_CONVERSION = YES;
				CLANG_WARN_CONSTANT_CONVERSION = YES;
				CLANG_WARN_DIRECT_OBJC_ISA_USAGE = YES_ERROR;
				CLANG_WARN_EMPTY_BODY = YES;
				CLANG_WARN_ENUM_CONVERSION = YES;
				CLANG_WARN_INT_CONVERSION = YES;
				CLANG_WARN_OBJC_ROOT_CLASS = YES_ERROR;
				CLANG_WARN_UNREACHABLE_CODE = YES;
				CLANG_WARN__DUPLICATE_METHOD_MATCH = YES;
				"CODE_SIGN_IDENTITY[sdk=iphoneos*]" = "iPhone Developer";
				COPY_PHASE_STRIP = NO;
				DEBUG_INFORMATION_FORMAT = "dwarf-with-dsym";
				ENABLE_NS_ASSERTIONS = NO;
				ENABLE_STRICT_OBJC_MSGSEND = YES;
				GCC_C_LANGUAGE_STANDARD = gnu99;
				GCC_NO_COMMON_BLOCKS = YES;
				GCC_WARN_64_TO_32_BIT_CONVERSION = YES;
				GCC_WARN_ABOUT_RETURN_TYPE = YES_ERROR;
				GCC_WARN_UNDECLARED_SELECTOR = YES;
				GCC_WARN_UNINITIALIZED_AUTOS = YES_AGGRESSIVE;
				GCC_WARN_UNUSED_FUNCTION = YES;
				GCC_WARN_UNUSED_VARIABLE = YES;
				IPHONEOS_DEPLOYMENT_TARGET = 8.0;
				MTL_ENABLE_DEBUG_INFO = NO;
				SDKROOT = iphoneos;
				VALIDATE_PRODUCT = YES;
			};
			name = AdHoc;
		};
		FD3C26821B4BC3F500404F8B /* AdHoc */ = {
			isa = XCBuildConfiguration;
			baseConfigurationReference = E535AA4CB211EDDB654D82EC /* Pods.release.xcconfig */;
			buildSettings = {
				ASSETCATALOG_COMPILER_APPICON_NAME = AppIcon;
				ASSETCATALOG_COMPILER_LAUNCHIMAGE_NAME = LaunchImage;
				CODE_SIGN_IDENTITY = "";
				"CODE_SIGN_IDENTITY[sdk=iphoneos*]" = "";
				CODE_SIGN_RESOURCE_RULES_PATH = "$(SDKROOT)/ResourceRules.plist";
				CURRENT_PROJECT_VERSION = 8;
				GCC_PRECOMPILE_PREFIX_HEADER = YES;
				GCC_PREFIX_HEADER = "BizrateRewards/Resources/BizrateRewards-Prefix.pch";
				INFOPLIST_FILE = BizrateRewards/Resources/Info.plist;
				IPHONEOS_DEPLOYMENT_TARGET = 8.0;
				LD_RUNPATH_SEARCH_PATHS = "$(inherited) @executable_path/Frameworks";
				PRODUCT_NAME = "$(TARGET_NAME)";
				PROVISIONING_PROFILE = "78f94da2-5d5a-4ede-8501-93bbb4eea4ae";
				VERSIONING_SYSTEM = "apple-generic";
			};
			name = AdHoc;
		};
		FD3C26831B4BC3F500404F8B /* AdHoc */ = {
			isa = XCBuildConfiguration;
			buildSettings = {
				BUNDLE_LOADER = "$(TEST_HOST)";
				FRAMEWORK_SEARCH_PATHS = (
					"$(SDKROOT)/Developer/Library/Frameworks",
					"$(inherited)",
				);
				INFOPLIST_FILE = BizrateRewardsTests/Info.plist;
				LD_RUNPATH_SEARCH_PATHS = "$(inherited) @executable_path/Frameworks @loader_path/Frameworks";
				PRODUCT_NAME = "$(TARGET_NAME)";
				TEST_HOST = "$(BUILT_PRODUCTS_DIR)/BizrateRewards.app/BizrateRewards";
			};
			name = AdHoc;
		};
/* End XCBuildConfiguration section */

/* Begin XCConfigurationList section */
		58A0B20A1B3854CF003C100C /* Build configuration list for PBXProject "BizrateRewards" */ = {
			isa = XCConfigurationList;
			buildConfigurations = (
				58A0B2301B3854CF003C100C /* Debug */,
				58A0B2311B3854CF003C100C /* Release */,
				FD3C26811B4BC3F500404F8B /* AdHoc */,
			);
			defaultConfigurationIsVisible = 0;
			defaultConfigurationName = Release;
		};
		58A0B2321B3854CF003C100C /* Build configuration list for PBXNativeTarget "BizrateRewards" */ = {
			isa = XCConfigurationList;
			buildConfigurations = (
				58A0B2331B3854CF003C100C /* Debug */,
				58A0B2341B3854CF003C100C /* Release */,
				FD3C26821B4BC3F500404F8B /* AdHoc */,
			);
			defaultConfigurationIsVisible = 0;
			defaultConfigurationName = Release;
		};
		58A0B2351B3854CF003C100C /* Build configuration list for PBXNativeTarget "BizrateRewardsTests" */ = {
			isa = XCConfigurationList;
			buildConfigurations = (
				58A0B2361B3854CF003C100C /* Debug */,
				58A0B2371B3854CF003C100C /* Release */,
				FD3C26831B4BC3F500404F8B /* AdHoc */,
			);
			defaultConfigurationIsVisible = 0;
			defaultConfigurationName = Release;
		};
/* End XCConfigurationList section */
	};
	rootObject = 58A0B2071B3854CF003C100C /* Project object */;
}
