// !$*UTF8*$!
{
	archiveVersion = 1;
	classes = {
	};
	objectVersion = 46;
	objects = {

/* Begin PBXBuildFile section */
		0DD221EAC7B2690BDE637D84 /* libPods.a in Frameworks */ = {isa = PBXBuildFile; fileRef = 7AF1FB2A8C4A8673EF3998F1 /* libPods.a */; };
		58219EF51B38A2E000A9541A /* BZRNetworkManager.m in Sources */ = {isa = PBXBuildFile; fileRef = 58219EF41B38A2E000A9541A /* BZRNetworkManager.m */; };
		58219EF91B38A2EE00A9541A /* BZRDataManager.m in Sources */ = {isa = PBXBuildFile; fileRef = 58219EF81B38A2EE00A9541A /* BZRDataManager.m */; };
		58219EFC1B38A30300A9541A /* BZRValidator.m in Sources */ = {isa = PBXBuildFile; fileRef = 58219EFB1B38A30300A9541A /* BZRValidator.m */; };
		58219F021B38A32700A9541A /* BZRAlertMessageService.m in Sources */ = {isa = PBXBuildFile; fileRef = 58219F011B38A32700A9541A /* BZRAlertMessageService.m */; };
		58219F051B38A33E00A9541A /* UIViewController+fixOrientation.m in Sources */ = {isa = PBXBuildFile; fileRef = 58219F041B38A33E00A9541A /* UIViewController+fixOrientation.m */; };
		58219F0A1B38A37600A9541A /* UIView+Shaking.m in Sources */ = {isa = PBXBuildFile; fileRef = 58219F091B38A37600A9541A /* UIView+Shaking.m */; };
		58219F0D1B38A38600A9541A /* UIView+MakeFromXib.m in Sources */ = {isa = PBXBuildFile; fileRef = 58219F0C1B38A38600A9541A /* UIView+MakeFromXib.m */; };
		58219F111B38A3B200A9541A /* UIImagePickerController+fixOrientation.m in Sources */ = {isa = PBXBuildFile; fileRef = 58219F101B38A3B200A9541A /* UIImagePickerController+fixOrientation.m */; };
		58219F151B38A3D700A9541A /* NSString+ContainsString.m in Sources */ = {isa = PBXBuildFile; fileRef = 58219F141B38A3D700A9541A /* NSString+ContainsString.m */; };
		58219F191B38A3F600A9541A /* NSDictionary+JSONRepresentation.m in Sources */ = {isa = PBXBuildFile; fileRef = 58219F181B38A3F600A9541A /* NSDictionary+JSONRepresentation.m */; };
		58219F1C1B38A58300A9541A /* Foundation.framework in Frameworks */ = {isa = PBXBuildFile; fileRef = 58219F1B1B38A58300A9541A /* Foundation.framework */; };
		58219F1E1B38A58900A9541A /* UIKit.framework in Frameworks */ = {isa = PBXBuildFile; fileRef = 58219F1D1B38A58900A9541A /* UIKit.framework */; };
		58219F201B38A59000A9541A /* Security.framework in Frameworks */ = {isa = PBXBuildFile; fileRef = 58219F1F1B38A59000A9541A /* Security.framework */; };
		58219F221B38A59F00A9541A /* CoreGraphics.framework in Frameworks */ = {isa = PBXBuildFile; fileRef = 58219F211B38A59F00A9541A /* CoreGraphics.framework */; };
		58219F241B38A5A600A9541A /* QuartzCore.framework in Frameworks */ = {isa = PBXBuildFile; fileRef = 58219F231B38A5A600A9541A /* QuartzCore.framework */; };
		58A0B2151B3854CF003C100C /* main.m in Sources */ = {isa = PBXBuildFile; fileRef = 58A0B2141B3854CF003C100C /* main.m */; };
		58A0B2181B3854CF003C100C /* AppDelegate.m in Sources */ = {isa = PBXBuildFile; fileRef = 58A0B2171B3854CF003C100C /* AppDelegate.m */; };
		58A0B21E1B3854CF003C100C /* Main.storyboard in Resources */ = {isa = PBXBuildFile; fileRef = 58A0B21C1B3854CF003C100C /* Main.storyboard */; };
		58A0B2201B3854CF003C100C /* Images.xcassets in Resources */ = {isa = PBXBuildFile; fileRef = 58A0B21F1B3854CF003C100C /* Images.xcassets */; };
		58A0B22F1B3854CF003C100C /* BizrateRewardsTests.m in Sources */ = {isa = PBXBuildFile; fileRef = 58A0B22E1B3854CF003C100C /* BizrateRewardsTests.m */; };
		58A91F2F1B3A80A80032607F /* CoreLocation.framework in Frameworks */ = {isa = PBXBuildFile; fileRef = 58A91F2E1B3A80A80032607F /* CoreLocation.framework */; };
		58A91F331B3A823D0032607F /* BZRLocationObserver.m in Sources */ = {isa = PBXBuildFile; fileRef = 58A91F321B3A823D0032607F /* BZRLocationObserver.m */; };
		58ACC06A1B3937010081E546 /* BZRPageContentController.m in Sources */ = {isa = PBXBuildFile; fileRef = 58ACC0691B3937010081E546 /* BZRPageContentController.m */; };
		58ACC06D1B3937160081E546 /* BZRBaseTutorialController.m in Sources */ = {isa = PBXBuildFile; fileRef = 58ACC06C1B3937160081E546 /* BZRBaseTutorialController.m */; };
		58ACC0721B3938CD0081E546 /* BZRPageViewController.m in Sources */ = {isa = PBXBuildFile; fileRef = 58ACC0711B3938CD0081E546 /* BZRPageViewController.m */; };
		58ACC0761B395E6A0081E546 /* BZRPrivacyAndTermsController.m in Sources */ = {isa = PBXBuildFile; fileRef = 58ACC0751B395E6A0081E546 /* BZRPrivacyAndTermsController.m */; };
		58ACC07E1B3968830081E546 /* BZRSignInController.m in Sources */ = {isa = PBXBuildFile; fileRef = 58ACC07D1B3968830081E546 /* BZRSignInController.m */; };
		58ACC0811B39689F0081E546 /* BZRSignUpController.m in Sources */ = {isa = PBXBuildFile; fileRef = 58ACC0801B39689F0081E546 /* BZRSignUpController.m */; };
		58ACC0841B3968BF0081E546 /* BZRChooseSignUpTypeController.m in Sources */ = {isa = PBXBuildFile; fileRef = 58ACC0831B3968BF0081E546 /* BZRChooseSignUpTypeController.m */; };
		58ACC0871B3968DA0081E546 /* BZRGetStartedController.m in Sources */ = {isa = PBXBuildFile; fileRef = 58ACC0861B3968DA0081E546 /* BZRGetStartedController.m */; };
		58ACC08B1B39A35D0081E546 /* BZRBaseAuthController.m in Sources */ = {isa = PBXBuildFile; fileRef = 58ACC08A1B39A35D0081E546 /* BZRBaseAuthController.m */; };
		58ACC08F1B39AD490081E546 /* BZRDashboardController.m in Sources */ = {isa = PBXBuildFile; fileRef = 58ACC08E1B39AD490081E546 /* BZRDashboardController.m */; };
		58B574E11B38AE200083A80A /* KeychainItemWrapper.m in Sources */ = {isa = PBXBuildFile; fileRef = 58B574E01B38AE200083A80A /* KeychainItemWrapper.m */; settings = {COMPILER_FLAGS = "-fno-objc-arc"; }; };
/* End PBXBuildFile section */

/* Begin PBXContainerItemProxy section */
		58A0B2291B3854CF003C100C /* PBXContainerItemProxy */ = {
			isa = PBXContainerItemProxy;
			containerPortal = 58A0B2071B3854CF003C100C /* Project object */;
			proxyType = 1;
			remoteGlobalIDString = 58A0B20E1B3854CF003C100C;
			remoteInfo = BizrateRewards;
		};
/* End PBXContainerItemProxy section */

/* Begin PBXFileReference section */
		16E7A55401C14794D2730A8C /* Pods.debug.xcconfig */ = {isa = PBXFileReference; includeInIndex = 1; lastKnownFileType = text.xcconfig; name = Pods.debug.xcconfig; path = "Pods/Target Support Files/Pods/Pods.debug.xcconfig"; sourceTree = "<group>"; };
		58219EDE1B38A1D600A9541A /* BZRMacros.h */ = {isa = PBXFileReference; fileEncoding = 4; lastKnownFileType = sourcecode.c.h; name = BZRMacros.h; path = Macros/BZRMacros.h; sourceTree = "<group>"; };
		58219EF31B38A2E000A9541A /* BZRNetworkManager.h */ = {isa = PBXFileReference; fileEncoding = 4; lastKnownFileType = sourcecode.c.h; name = BZRNetworkManager.h; path = "Classes/Server APIs/Network/BZRNetworkManager.h"; sourceTree = "<group>"; };
		58219EF41B38A2E000A9541A /* BZRNetworkManager.m */ = {isa = PBXFileReference; fileEncoding = 4; lastKnownFileType = sourcecode.c.objc; name = BZRNetworkManager.m; path = "Classes/Server APIs/Network/BZRNetworkManager.m"; sourceTree = "<group>"; };
		58219EF61B38A2EE00A9541A /* BZRApiConstants.h */ = {isa = PBXFileReference; fileEncoding = 4; lastKnownFileType = sourcecode.c.h; name = BZRApiConstants.h; path = "Classes/Server APIs/BZRApiConstants.h"; sourceTree = "<group>"; };
		58219EF71B38A2EE00A9541A /* BZRDataManager.h */ = {isa = PBXFileReference; fileEncoding = 4; lastKnownFileType = sourcecode.c.h; name = BZRDataManager.h; path = "Classes/Server APIs/BZRDataManager.h"; sourceTree = "<group>"; };
		58219EF81B38A2EE00A9541A /* BZRDataManager.m */ = {isa = PBXFileReference; fileEncoding = 4; lastKnownFileType = sourcecode.c.objc; name = BZRDataManager.m; path = "Classes/Server APIs/BZRDataManager.m"; sourceTree = "<group>"; };
		58219EFA1B38A30300A9541A /* BZRValidator.h */ = {isa = PBXFileReference; fileEncoding = 4; lastKnownFileType = sourcecode.c.h; name = BZRValidator.h; path = Classes/Utilities/Validator/BZRValidator.h; sourceTree = "<group>"; };
		58219EFB1B38A30300A9541A /* BZRValidator.m */ = {isa = PBXFileReference; fileEncoding = 4; lastKnownFileType = sourcecode.c.objc; name = BZRValidator.m; path = Classes/Utilities/Validator/BZRValidator.m; sourceTree = "<group>"; };
		58219F001B38A32700A9541A /* BZRAlertMessageService.h */ = {isa = PBXFileReference; fileEncoding = 4; lastKnownFileType = sourcecode.c.h; name = BZRAlertMessageService.h; path = Classes/Utilities/AlertMessageService/BZRAlertMessageService.h; sourceTree = "<group>"; };
		58219F011B38A32700A9541A /* BZRAlertMessageService.m */ = {isa = PBXFileReference; fileEncoding = 4; lastKnownFileType = sourcecode.c.objc; name = BZRAlertMessageService.m; path = Classes/Utilities/AlertMessageService/BZRAlertMessageService.m; sourceTree = "<group>"; };
		58219F031B38A33E00A9541A /* UIViewController+fixOrientation.h */ = {isa = PBXFileReference; fileEncoding = 4; lastKnownFileType = sourcecode.c.h; name = "UIViewController+fixOrientation.h"; path = "Classes/Categories/UIViewController/UIViewController+fixOrientation.h"; sourceTree = "<group>"; };
		58219F041B38A33E00A9541A /* UIViewController+fixOrientation.m */ = {isa = PBXFileReference; fileEncoding = 4; lastKnownFileType = sourcecode.c.objc; name = "UIViewController+fixOrientation.m"; path = "Classes/Categories/UIViewController/UIViewController+fixOrientation.m"; sourceTree = "<group>"; };
		58219F081B38A37600A9541A /* UIView+Shaking.h */ = {isa = PBXFileReference; fileEncoding = 4; lastKnownFileType = sourcecode.c.h; name = "UIView+Shaking.h"; path = "Classes/Categories/UIView/UIView+Shaking/UIView+Shaking.h"; sourceTree = "<group>"; };
		58219F091B38A37600A9541A /* UIView+Shaking.m */ = {isa = PBXFileReference; fileEncoding = 4; lastKnownFileType = sourcecode.c.objc; name = "UIView+Shaking.m"; path = "Classes/Categories/UIView/UIView+Shaking/UIView+Shaking.m"; sourceTree = "<group>"; };
		58219F0B1B38A38600A9541A /* UIView+MakeFromXib.h */ = {isa = PBXFileReference; fileEncoding = 4; lastKnownFileType = sourcecode.c.h; name = "UIView+MakeFromXib.h"; path = "Classes/Categories/UIView/UIView+MakeFromXib/UIView+MakeFromXib.h"; sourceTree = "<group>"; };
		58219F0C1B38A38600A9541A /* UIView+MakeFromXib.m */ = {isa = PBXFileReference; fileEncoding = 4; lastKnownFileType = sourcecode.c.objc; name = "UIView+MakeFromXib.m"; path = "Classes/Categories/UIView/UIView+MakeFromXib/UIView+MakeFromXib.m"; sourceTree = "<group>"; };
		58219F0F1B38A3B200A9541A /* UIImagePickerController+fixOrientation.h */ = {isa = PBXFileReference; fileEncoding = 4; lastKnownFileType = sourcecode.c.h; name = "UIImagePickerController+fixOrientation.h"; path = "Classes/Categories/UIImagePickerView/UIImagePickerController+fixOrientation.h"; sourceTree = "<group>"; };
		58219F101B38A3B200A9541A /* UIImagePickerController+fixOrientation.m */ = {isa = PBXFileReference; fileEncoding = 4; lastKnownFileType = sourcecode.c.objc; name = "UIImagePickerController+fixOrientation.m"; path = "Classes/Categories/UIImagePickerView/UIImagePickerController+fixOrientation.m"; sourceTree = "<group>"; };
		58219F131B38A3D700A9541A /* NSString+ContainsString.h */ = {isa = PBXFileReference; fileEncoding = 4; lastKnownFileType = sourcecode.c.h; name = "NSString+ContainsString.h"; path = "Classes/Categories/NSString/NSString+ContainsString/NSString+ContainsString.h"; sourceTree = "<group>"; };
		58219F141B38A3D700A9541A /* NSString+ContainsString.m */ = {isa = PBXFileReference; fileEncoding = 4; lastKnownFileType = sourcecode.c.objc; name = "NSString+ContainsString.m"; path = "Classes/Categories/NSString/NSString+ContainsString/NSString+ContainsString.m"; sourceTree = "<group>"; };
		58219F171B38A3F600A9541A /* NSDictionary+JSONRepresentation.h */ = {isa = PBXFileReference; fileEncoding = 4; lastKnownFileType = sourcecode.c.h; name = "NSDictionary+JSONRepresentation.h"; path = "Classes/Categories/NSDictionary/NSDictionary+JSONRepresentation/NSDictionary+JSONRepresentation.h"; sourceTree = "<group>"; };
		58219F181B38A3F600A9541A /* NSDictionary+JSONRepresentation.m */ = {isa = PBXFileReference; fileEncoding = 4; lastKnownFileType = sourcecode.c.objc; name = "NSDictionary+JSONRepresentation.m"; path = "Classes/Categories/NSDictionary/NSDictionary+JSONRepresentation/NSDictionary+JSONRepresentation.m"; sourceTree = "<group>"; };
		58219F1B1B38A58300A9541A /* Foundation.framework */ = {isa = PBXFileReference; lastKnownFileType = wrapper.framework; name = Foundation.framework; path = System/Library/Frameworks/Foundation.framework; sourceTree = SDKROOT; };
		58219F1D1B38A58900A9541A /* UIKit.framework */ = {isa = PBXFileReference; lastKnownFileType = wrapper.framework; name = UIKit.framework; path = System/Library/Frameworks/UIKit.framework; sourceTree = SDKROOT; };
		58219F1F1B38A59000A9541A /* Security.framework */ = {isa = PBXFileReference; lastKnownFileType = wrapper.framework; name = Security.framework; path = System/Library/Frameworks/Security.framework; sourceTree = SDKROOT; };
		58219F211B38A59F00A9541A /* CoreGraphics.framework */ = {isa = PBXFileReference; lastKnownFileType = wrapper.framework; name = CoreGraphics.framework; path = System/Library/Frameworks/CoreGraphics.framework; sourceTree = SDKROOT; };
		58219F231B38A5A600A9541A /* QuartzCore.framework */ = {isa = PBXFileReference; lastKnownFileType = wrapper.framework; name = QuartzCore.framework; path = System/Library/Frameworks/QuartzCore.framework; sourceTree = SDKROOT; };
		58219F251B38A62000A9541A /* BizrateRewards-Prefix.pch */ = {isa = PBXFileReference; lastKnownFileType = sourcecode.c.h; path = "BizrateRewards-Prefix.pch"; sourceTree = "<group>"; };
		58A0B20F1B3854CF003C100C /* BizrateRewards.app */ = {isa = PBXFileReference; explicitFileType = wrapper.application; includeInIndex = 0; path = BizrateRewards.app; sourceTree = BUILT_PRODUCTS_DIR; };
		58A0B2131B3854CF003C100C /* Info.plist */ = {isa = PBXFileReference; lastKnownFileType = text.plist.xml; path = Info.plist; sourceTree = "<group>"; };
		58A0B2141B3854CF003C100C /* main.m */ = {isa = PBXFileReference; lastKnownFileType = sourcecode.c.objc; path = main.m; sourceTree = "<group>"; };
		58A0B2161B3854CF003C100C /* AppDelegate.h */ = {isa = PBXFileReference; lastKnownFileType = sourcecode.c.h; path = AppDelegate.h; sourceTree = "<group>"; };
		58A0B2171B3854CF003C100C /* AppDelegate.m */ = {isa = PBXFileReference; lastKnownFileType = sourcecode.c.objc; path = AppDelegate.m; sourceTree = "<group>"; };
		58A0B21D1B3854CF003C100C /* Base */ = {isa = PBXFileReference; lastKnownFileType = file.storyboard; name = Base; path = Base.lproj/Main.storyboard; sourceTree = "<group>"; };
		58A0B21F1B3854CF003C100C /* Images.xcassets */ = {isa = PBXFileReference; lastKnownFileType = folder.assetcatalog; path = Images.xcassets; sourceTree = "<group>"; };
		58A0B2281B3854CF003C100C /* BizrateRewardsTests.xctest */ = {isa = PBXFileReference; explicitFileType = wrapper.cfbundle; includeInIndex = 0; path = BizrateRewardsTests.xctest; sourceTree = BUILT_PRODUCTS_DIR; };
		58A0B22D1B3854CF003C100C /* Info.plist */ = {isa = PBXFileReference; lastKnownFileType = text.plist.xml; path = Info.plist; sourceTree = "<group>"; };
		58A0B22E1B3854CF003C100C /* BizrateRewardsTests.m */ = {isa = PBXFileReference; lastKnownFileType = sourcecode.c.objc; path = BizrateRewardsTests.m; sourceTree = "<group>"; };
		58A91F2E1B3A80A80032607F /* CoreLocation.framework */ = {isa = PBXFileReference; lastKnownFileType = wrapper.framework; name = CoreLocation.framework; path = System/Library/Frameworks/CoreLocation.framework; sourceTree = SDKROOT; };
		58A91F311B3A823D0032607F /* BZRLocationObserver.h */ = {isa = PBXFileReference; fileEncoding = 4; lastKnownFileType = sourcecode.c.h; name = BZRLocationObserver.h; path = Classes/LocationObserver/BZRLocationObserver.h; sourceTree = "<group>"; };
		58A91F321B3A823D0032607F /* BZRLocationObserver.m */ = {isa = PBXFileReference; fileEncoding = 4; lastKnownFileType = sourcecode.c.objc; name = BZRLocationObserver.m; path = Classes/LocationObserver/BZRLocationObserver.m; sourceTree = "<group>"; };
		58ACC0681B3937010081E546 /* BZRPageContentController.h */ = {isa = PBXFileReference; fileEncoding = 4; lastKnownFileType = sourcecode.c.h; name = BZRPageContentController.h; path = Classes/MVC/Controllers/TutorialViewControllers/PageContentController/BZRPageContentController.h; sourceTree = "<group>"; };
		58ACC0691B3937010081E546 /* BZRPageContentController.m */ = {isa = PBXFileReference; fileEncoding = 4; lastKnownFileType = sourcecode.c.objc; name = BZRPageContentController.m; path = Classes/MVC/Controllers/TutorialViewControllers/PageContentController/BZRPageContentController.m; sourceTree = "<group>"; };
		58ACC06B1B3937160081E546 /* BZRBaseTutorialController.h */ = {isa = PBXFileReference; fileEncoding = 4; lastKnownFileType = sourcecode.c.h; name = BZRBaseTutorialController.h; path = Classes/MVC/Controllers/TutorialViewControllers/BaseTutorialController/BZRBaseTutorialController.h; sourceTree = "<group>"; };
		58ACC06C1B3937160081E546 /* BZRBaseTutorialController.m */ = {isa = PBXFileReference; fileEncoding = 4; lastKnownFileType = sourcecode.c.objc; name = BZRBaseTutorialController.m; path = Classes/MVC/Controllers/TutorialViewControllers/BaseTutorialController/BZRBaseTutorialController.m; sourceTree = "<group>"; };
		58ACC0701B3938CD0081E546 /* BZRPageViewController.h */ = {isa = PBXFileReference; fileEncoding = 4; lastKnownFileType = sourcecode.c.h; name = BZRPageViewController.h; path = Classes/MVC/Controllers/TutorialViewControllers/PageViewController/BZRPageViewController.h; sourceTree = "<group>"; };
		58ACC0711B3938CD0081E546 /* BZRPageViewController.m */ = {isa = PBXFileReference; fileEncoding = 4; lastKnownFileType = sourcecode.c.objc; name = BZRPageViewController.m; path = Classes/MVC/Controllers/TutorialViewControllers/PageViewController/BZRPageViewController.m; sourceTree = "<group>"; };
		58ACC0741B395E6A0081E546 /* BZRPrivacyAndTermsController.h */ = {isa = PBXFileReference; fileEncoding = 4; lastKnownFileType = sourcecode.c.h; name = BZRPrivacyAndTermsController.h; path = Classes/MVC/Controllers/PrivacyAndTermsController/BZRPrivacyAndTermsController.h; sourceTree = "<group>"; };
		58ACC0751B395E6A0081E546 /* BZRPrivacyAndTermsController.m */ = {isa = PBXFileReference; fileEncoding = 4; lastKnownFileType = sourcecode.c.objc; name = BZRPrivacyAndTermsController.m; path = Classes/MVC/Controllers/PrivacyAndTermsController/BZRPrivacyAndTermsController.m; sourceTree = "<group>"; };
		58ACC07C1B3968830081E546 /* BZRSignInController.h */ = {isa = PBXFileReference; fileEncoding = 4; lastKnownFileType = sourcecode.c.h; name = BZRSignInController.h; path = Classes/MVC/Controllers/AuthorizationControllers/SignInController/BZRSignInController.h; sourceTree = "<group>"; };
		58ACC07D1B3968830081E546 /* BZRSignInController.m */ = {isa = PBXFileReference; fileEncoding = 4; lastKnownFileType = sourcecode.c.objc; name = BZRSignInController.m; path = Classes/MVC/Controllers/AuthorizationControllers/SignInController/BZRSignInController.m; sourceTree = "<group>"; };
		58ACC07F1B39689F0081E546 /* BZRSignUpController.h */ = {isa = PBXFileReference; fileEncoding = 4; lastKnownFileType = sourcecode.c.h; name = BZRSignUpController.h; path = Classes/MVC/Controllers/AuthorizationControllers/SignUpController/BZRSignUpController.h; sourceTree = "<group>"; };
		58ACC0801B39689F0081E546 /* BZRSignUpController.m */ = {isa = PBXFileReference; fileEncoding = 4; lastKnownFileType = sourcecode.c.objc; name = BZRSignUpController.m; path = Classes/MVC/Controllers/AuthorizationControllers/SignUpController/BZRSignUpController.m; sourceTree = "<group>"; };
		58ACC0821B3968BF0081E546 /* BZRChooseSignUpTypeController.h */ = {isa = PBXFileReference; fileEncoding = 4; lastKnownFileType = sourcecode.c.h; name = BZRChooseSignUpTypeController.h; path = Classes/MVC/Controllers/AuthorizationControllers/ChooseSignUpTypeController/BZRChooseSignUpTypeController.h; sourceTree = "<group>"; };
		58ACC0831B3968BF0081E546 /* BZRChooseSignUpTypeController.m */ = {isa = PBXFileReference; fileEncoding = 4; lastKnownFileType = sourcecode.c.objc; name = BZRChooseSignUpTypeController.m; path = Classes/MVC/Controllers/AuthorizationControllers/ChooseSignUpTypeController/BZRChooseSignUpTypeController.m; sourceTree = "<group>"; };
		58ACC0851B3968DA0081E546 /* BZRGetStartedController.h */ = {isa = PBXFileReference; fileEncoding = 4; lastKnownFileType = sourcecode.c.h; name = BZRGetStartedController.h; path = Classes/MVC/Controllers/AuthorizationControllers/GetStartedController/BZRGetStartedController.h; sourceTree = "<group>"; };
		58ACC0861B3968DA0081E546 /* BZRGetStartedController.m */ = {isa = PBXFileReference; fileEncoding = 4; lastKnownFileType = sourcecode.c.objc; name = BZRGetStartedController.m; path = Classes/MVC/Controllers/AuthorizationControllers/GetStartedController/BZRGetStartedController.m; sourceTree = "<group>"; };
		58ACC0891B39A35D0081E546 /* BZRBaseAuthController.h */ = {isa = PBXFileReference; fileEncoding = 4; lastKnownFileType = sourcecode.c.h; name = BZRBaseAuthController.h; path = Classes/MVC/Controllers/AuthorizationControllers/BaseAuthController/BZRBaseAuthController.h; sourceTree = "<group>"; };
		58ACC08A1B39A35D0081E546 /* BZRBaseAuthController.m */ = {isa = PBXFileReference; fileEncoding = 4; lastKnownFileType = sourcecode.c.objc; name = BZRBaseAuthController.m; path = Classes/MVC/Controllers/AuthorizationControllers/BaseAuthController/BZRBaseAuthController.m; sourceTree = "<group>"; };
		58ACC08D1B39AD490081E546 /* BZRDashboardController.h */ = {isa = PBXFileReference; fileEncoding = 4; lastKnownFileType = sourcecode.c.h; name = BZRDashboardController.h; path = Classes/MVC/Controllers/DashboardController/BZRDashboardController.h; sourceTree = "<group>"; };
		58ACC08E1B39AD490081E546 /* BZRDashboardController.m */ = {isa = PBXFileReference; fileEncoding = 4; lastKnownFileType = sourcecode.c.objc; name = BZRDashboardController.m; path = Classes/MVC/Controllers/DashboardController/BZRDashboardController.m; sourceTree = "<group>"; };
		58B574DF1B38AE200083A80A /* KeychainItemWrapper.h */ = {isa = PBXFileReference; fileEncoding = 4; lastKnownFileType = sourcecode.c.h; name = KeychainItemWrapper.h; path = Classes/Utilities/KeyChain/KeychainItemWrapper.h; sourceTree = "<group>"; };
		58B574E01B38AE200083A80A /* KeychainItemWrapper.m */ = {isa = PBXFileReference; fileEncoding = 4; lastKnownFileType = sourcecode.c.objc; name = KeychainItemWrapper.m; path = Classes/Utilities/KeyChain/KeychainItemWrapper.m; sourceTree = "<group>"; };
		7AF1FB2A8C4A8673EF3998F1 /* libPods.a */ = {isa = PBXFileReference; explicitFileType = archive.ar; includeInIndex = 0; path = libPods.a; sourceTree = BUILT_PRODUCTS_DIR; };
		E535AA4CB211EDDB654D82EC /* Pods.release.xcconfig */ = {isa = PBXFileReference; includeInIndex = 1; lastKnownFileType = text.xcconfig; name = Pods.release.xcconfig; path = "Pods/Target Support Files/Pods/Pods.release.xcconfig"; sourceTree = "<group>"; };
/* End PBXFileReference section */

/* Begin PBXFrameworksBuildPhase section */
		58A0B20C1B3854CF003C100C /* Frameworks */ = {
			isa = PBXFrameworksBuildPhase;
			buildActionMask = 2147483647;
			files = (
				58A91F2F1B3A80A80032607F /* CoreLocation.framework in Frameworks */,
				58219F241B38A5A600A9541A /* QuartzCore.framework in Frameworks */,
				58219F221B38A59F00A9541A /* CoreGraphics.framework in Frameworks */,
				58219F201B38A59000A9541A /* Security.framework in Frameworks */,
				58219F1E1B38A58900A9541A /* UIKit.framework in Frameworks */,
				58219F1C1B38A58300A9541A /* Foundation.framework in Frameworks */,
				0DD221EAC7B2690BDE637D84 /* libPods.a in Frameworks */,
			);
			runOnlyForDeploymentPostprocessing = 0;
		};
		58A0B2251B3854CF003C100C /* Frameworks */ = {
			isa = PBXFrameworksBuildPhase;
			buildActionMask = 2147483647;
			files = (
			);
			runOnlyForDeploymentPostprocessing = 0;
		};
/* End PBXFrameworksBuildPhase section */

/* Begin PBXGroup section */
		58219EDB1B38A06600A9541A /* Classes */ = {
			isa = PBXGroup;
			children = (
				58A91F301B3A821C0032607F /* LocationObserver */,
				58219EE41B38A21F00A9541A /* Server APIs */,
				58219EE31B38A21900A9541A /* Utilities */,
				58219EE11B38A1F300A9541A /* Categories */,
				58219EE01B38A1EE00A9541A /* Cells */,
				58219EDF1B38A1E700A9541A /* MVC */,
			);
			name = Classes;
			sourceTree = "<group>";
		};
		58219EDC1B38A06E00A9541A /* Resources */ = {
			isa = PBXGroup;
			children = (
			);
			name = Resources;
			sourceTree = "<group>";
		};
		58219EDD1B38A08E00A9541A /* Macros */ = {
			isa = PBXGroup;
			children = (
				58219EDE1B38A1D600A9541A /* BZRMacros.h */,
			);
			name = Macros;
			sourceTree = "<group>";
		};
		58219EDF1B38A1E700A9541A /* MVC */ = {
			isa = PBXGroup;
			children = (
				58219EE71B38A23A00A9541A /* Controllers */,
				58219EE61B38A23400A9541A /* Views */,
				58219EE51B38A22F00A9541A /* Models */,
			);
			name = MVC;
			sourceTree = "<group>";
		};
		58219EE01B38A1EE00A9541A /* Cells */ = {
			isa = PBXGroup;
			children = (
				58219EE91B38A24B00A9541A /* UICollectionViewCells */,
				58219EE81B38A24300A9541A /* UITableViewCells */,
			);
			name = Cells;
			sourceTree = "<group>";
		};
		58219EE11B38A1F300A9541A /* Categories */ = {
			isa = PBXGroup;
			children = (
				58219EF21B38A2CA00A9541A /* UIViewController */,
				58219EF11B38A2C300A9541A /* UIView */,
				58219EF01B38A2AA00A9541A /* UIImagePickerController */,
				58219EEF1B38A29B00A9541A /* NSString */,
				58219EEE1B38A29400A9541A /* NSDictionary */,
			);
			name = Categories;
			sourceTree = "<group>";
		};
		58219EE31B38A21900A9541A /* Utilities */ = {
			isa = PBXGroup;
			children = (
				58219EED1B38A28600A9541A /* Validator */,
				58219EEC1B38A27F00A9541A /* KeyChain */,
				58219EEB1B38A27700A9541A /* AlertMessageService */,
			);
			name = Utilities;
			sourceTree = "<group>";
		};
		58219EE41B38A21F00A9541A /* Server APIs */ = {
			isa = PBXGroup;
			children = (
				58219EF61B38A2EE00A9541A /* BZRApiConstants.h */,
				58219EF71B38A2EE00A9541A /* BZRDataManager.h */,
				58219EF81B38A2EE00A9541A /* BZRDataManager.m */,
				58219EEA1B38A26300A9541A /* NetworkManager */,
			);
			name = "Server APIs";
			sourceTree = "<group>";
		};
		58219EE51B38A22F00A9541A /* Models */ = {
			isa = PBXGroup;
			children = (
			);
			name = Models;
			sourceTree = "<group>";
		};
		58219EE61B38A23400A9541A /* Views */ = {
			isa = PBXGroup;
			children = (
			);
			name = Views;
			sourceTree = "<group>";
		};
		58219EE71B38A23A00A9541A /* Controllers */ = {
			isa = PBXGroup;
			children = (
				58ACC08C1B39AD2D0081E546 /* DashboardController */,
				58ACC0771B3967C90081E546 /* AuthorizationControllers */,
				58ACC0731B395E020081E546 /* PrivacyAndTermsController */,
				58ACC05F1B3932840081E546 /* TutorialViewControllers */,
			);
			name = Controllers;
			sourceTree = "<group>";
		};
		58219EE81B38A24300A9541A /* UITableViewCells */ = {
			isa = PBXGroup;
			children = (
			);
			name = UITableViewCells;
			sourceTree = "<group>";
		};
		58219EE91B38A24B00A9541A /* UICollectionViewCells */ = {
			isa = PBXGroup;
			children = (
			);
			name = UICollectionViewCells;
			sourceTree = "<group>";
		};
		58219EEA1B38A26300A9541A /* NetworkManager */ = {
			isa = PBXGroup;
			children = (
				58219EF31B38A2E000A9541A /* BZRNetworkManager.h */,
				58219EF41B38A2E000A9541A /* BZRNetworkManager.m */,
			);
			name = NetworkManager;
			sourceTree = "<group>";
		};
		58219EEB1B38A27700A9541A /* AlertMessageService */ = {
			isa = PBXGroup;
			children = (
				58219F001B38A32700A9541A /* BZRAlertMessageService.h */,
				58219F011B38A32700A9541A /* BZRAlertMessageService.m */,
			);
			name = AlertMessageService;
			sourceTree = "<group>";
		};
		58219EEC1B38A27F00A9541A /* KeyChain */ = {
			isa = PBXGroup;
			children = (
				58B574DF1B38AE200083A80A /* KeychainItemWrapper.h */,
				58B574E01B38AE200083A80A /* KeychainItemWrapper.m */,
			);
			name = KeyChain;
			sourceTree = "<group>";
		};
		58219EED1B38A28600A9541A /* Validator */ = {
			isa = PBXGroup;
			children = (
				58219EFA1B38A30300A9541A /* BZRValidator.h */,
				58219EFB1B38A30300A9541A /* BZRValidator.m */,
			);
			name = Validator;
			sourceTree = "<group>";
		};
		58219EEE1B38A29400A9541A /* NSDictionary */ = {
			isa = PBXGroup;
			children = (
				58219F1A1B38A3FC00A9541A /* NSDictionary+JSONRepresentation */,
			);
			name = NSDictionary;
			sourceTree = "<group>";
		};
		58219EEF1B38A29B00A9541A /* NSString */ = {
			isa = PBXGroup;
			children = (
				58219F161B38A3DA00A9541A /* NSString+ContainsString */,
			);
			name = NSString;
			sourceTree = "<group>";
		};
		58219EF01B38A2AA00A9541A /* UIImagePickerController */ = {
			isa = PBXGroup;
			children = (
				58219F121B38A3B600A9541A /* UIImagePickerController+FixOrientation */,
			);
			name = UIImagePickerController;
			sourceTree = "<group>";
		};
		58219EF11B38A2C300A9541A /* UIView */ = {
			isa = PBXGroup;
			children = (
				58219F071B38A36300A9541A /* UIView+Shaking */,
				58219F061B38A35800A9541A /* UIView+MakeFromXib */,
			);
			name = UIView;
			sourceTree = "<group>";
		};
		58219EF21B38A2CA00A9541A /* UIViewController */ = {
			isa = PBXGroup;
			children = (
				58219F0E1B38A39100A9541A /* UIViewController+FixOrientation */,
			);
			name = UIViewController;
			sourceTree = "<group>";
		};
		58219F061B38A35800A9541A /* UIView+MakeFromXib */ = {
			isa = PBXGroup;
			children = (
				58219F0B1B38A38600A9541A /* UIView+MakeFromXib.h */,
				58219F0C1B38A38600A9541A /* UIView+MakeFromXib.m */,
			);
			name = "UIView+MakeFromXib";
			sourceTree = "<group>";
		};
		58219F071B38A36300A9541A /* UIView+Shaking */ = {
			isa = PBXGroup;
			children = (
				58219F081B38A37600A9541A /* UIView+Shaking.h */,
				58219F091B38A37600A9541A /* UIView+Shaking.m */,
			);
			name = "UIView+Shaking";
			sourceTree = "<group>";
		};
		58219F0E1B38A39100A9541A /* UIViewController+FixOrientation */ = {
			isa = PBXGroup;
			children = (
				58219F031B38A33E00A9541A /* UIViewController+fixOrientation.h */,
				58219F041B38A33E00A9541A /* UIViewController+fixOrientation.m */,
			);
			name = "UIViewController+FixOrientation";
			sourceTree = "<group>";
		};
		58219F121B38A3B600A9541A /* UIImagePickerController+FixOrientation */ = {
			isa = PBXGroup;
			children = (
				58219F0F1B38A3B200A9541A /* UIImagePickerController+fixOrientation.h */,
				58219F101B38A3B200A9541A /* UIImagePickerController+fixOrientation.m */,
			);
			name = "UIImagePickerController+FixOrientation";
			sourceTree = "<group>";
		};
		58219F161B38A3DA00A9541A /* NSString+ContainsString */ = {
			isa = PBXGroup;
			children = (
				58219F131B38A3D700A9541A /* NSString+ContainsString.h */,
				58219F141B38A3D700A9541A /* NSString+ContainsString.m */,
			);
			name = "NSString+ContainsString";
			sourceTree = "<group>";
		};
		58219F1A1B38A3FC00A9541A /* NSDictionary+JSONRepresentation */ = {
			isa = PBXGroup;
			children = (
				58219F171B38A3F600A9541A /* NSDictionary+JSONRepresentation.h */,
				58219F181B38A3F600A9541A /* NSDictionary+JSONRepresentation.m */,
			);
			name = "NSDictionary+JSONRepresentation";
			sourceTree = "<group>";
		};
		58A0B2061B3854CF003C100C = {
			isa = PBXGroup;
			children = (
				58A0B2111B3854CF003C100C /* BizrateRewards */,
				58A0B22B1B3854CF003C100C /* BizrateRewardsTests */,
				58A0B2101B3854CF003C100C /* Products */,
				FEA134F280DE37482414084B /* Pods */,
				D31C9EB6CC9E9EA49476A0B1 /* Frameworks */,
			);
			sourceTree = "<group>";
		};
		58A0B2101B3854CF003C100C /* Products */ = {
			isa = PBXGroup;
			children = (
				58A0B20F1B3854CF003C100C /* BizrateRewards.app */,
				58A0B2281B3854CF003C100C /* BizrateRewardsTests.xctest */,
			);
			name = Products;
			sourceTree = "<group>";
		};
		58A0B2111B3854CF003C100C /* BizrateRewards */ = {
			isa = PBXGroup;
			children = (
				58219EDB1B38A06600A9541A /* Classes */,
				58A0B21F1B3854CF003C100C /* Images.xcassets */,
				58A0B2121B3854CF003C100C /* Supporting Files */,
			);
			path = BizrateRewards;
			sourceTree = "<group>";
		};
		58A0B2121B3854CF003C100C /* Supporting Files */ = {
			isa = PBXGroup;
			children = (
				58219EDD1B38A08E00A9541A /* Macros */,
				58219EDC1B38A06E00A9541A /* Resources */,
				58A0B2161B3854CF003C100C /* AppDelegate.h */,
				58A0B2171B3854CF003C100C /* AppDelegate.m */,
				58A0B21C1B3854CF003C100C /* Main.storyboard */,
				58A0B2131B3854CF003C100C /* Info.plist */,
				58A0B2141B3854CF003C100C /* main.m */,
				58219F251B38A62000A9541A /* BizrateRewards-Prefix.pch */,
			);
			name = "Supporting Files";
			sourceTree = "<group>";
		};
		58A0B22B1B3854CF003C100C /* BizrateRewardsTests */ = {
			isa = PBXGroup;
			children = (
				58A0B22E1B3854CF003C100C /* BizrateRewardsTests.m */,
				58A0B22C1B3854CF003C100C /* Supporting Files */,
			);
			path = BizrateRewardsTests;
			sourceTree = "<group>";
		};
		58A0B22C1B3854CF003C100C /* Supporting Files */ = {
			isa = PBXGroup;
			children = (
				58A0B22D1B3854CF003C100C /* Info.plist */,
			);
			name = "Supporting Files";
			sourceTree = "<group>";
		};
		58A91F301B3A821C0032607F /* LocationObserver */ = {
			isa = PBXGroup;
			children = (
				58A91F311B3A823D0032607F /* BZRLocationObserver.h */,
				58A91F321B3A823D0032607F /* BZRLocationObserver.m */,
			);
			name = LocationObserver;
			sourceTree = "<group>";
		};
		58ACC05F1B3932840081E546 /* TutorialViewControllers */ = {
			isa = PBXGroup;
			children = (
				58ACC06F1B3938B40081E546 /* PageViewController */,
				58ACC0641B3936780081E546 /* PageContentController */,
				58ACC0631B3936340081E546 /* BaseTutorialController */,
			);
			name = TutorialViewControllers;
			sourceTree = "<group>";
		};
		58ACC0631B3936340081E546 /* BaseTutorialController */ = {
			isa = PBXGroup;
			children = (
				58ACC06B1B3937160081E546 /* BZRBaseTutorialController.h */,
				58ACC06C1B3937160081E546 /* BZRBaseTutorialController.m */,
			);
			name = BaseTutorialController;
			sourceTree = "<group>";
		};
		58ACC0641B3936780081E546 /* PageContentController */ = {
			isa = PBXGroup;
			children = (
				58ACC0681B3937010081E546 /* BZRPageContentController.h */,
				58ACC0691B3937010081E546 /* BZRPageContentController.m */,
			);
			name = PageContentController;
			sourceTree = "<group>";
		};
		58ACC06F1B3938B40081E546 /* PageViewController */ = {
			isa = PBXGroup;
			children = (
				58ACC0701B3938CD0081E546 /* BZRPageViewController.h */,
				58ACC0711B3938CD0081E546 /* BZRPageViewController.m */,
			);
			name = PageViewController;
			sourceTree = "<group>";
		};
		58ACC0731B395E020081E546 /* PrivacyAndTermsController */ = {
			isa = PBXGroup;
			children = (
				58ACC0741B395E6A0081E546 /* BZRPrivacyAndTermsController.h */,
				58ACC0751B395E6A0081E546 /* BZRPrivacyAndTermsController.m */,
			);
			name = PrivacyAndTermsController;
			sourceTree = "<group>";
		};
		58ACC0771B3967C90081E546 /* AuthorizationControllers */ = {
			isa = PBXGroup;
			children = (
				58ACC0881B39A33F0081E546 /* BaseAuthController */,
				58ACC07B1B3967F80081E546 /* GetStartedController */,
				58ACC07A1B3967E80081E546 /* ChooseSignUpTypeController */,
				58ACC0791B3967DD0081E546 /* SignUpController */,
				58ACC0781B3967D20081E546 /* SignInController */,
			);
			name = AuthorizationControllers;
			sourceTree = "<group>";
		};
		58ACC0781B3967D20081E546 /* SignInController */ = {
			isa = PBXGroup;
			children = (
				58ACC07C1B3968830081E546 /* BZRSignInController.h */,
				58ACC07D1B3968830081E546 /* BZRSignInController.m */,
			);
			name = SignInController;
			sourceTree = "<group>";
		};
		58ACC0791B3967DD0081E546 /* SignUpController */ = {
			isa = PBXGroup;
			children = (
				58ACC07F1B39689F0081E546 /* BZRSignUpController.h */,
				58ACC0801B39689F0081E546 /* BZRSignUpController.m */,
			);
			name = SignUpController;
			sourceTree = "<group>";
		};
		58ACC07A1B3967E80081E546 /* ChooseSignUpTypeController */ = {
			isa = PBXGroup;
			children = (
				58ACC0821B3968BF0081E546 /* BZRChooseSignUpTypeController.h */,
				58ACC0831B3968BF0081E546 /* BZRChooseSignUpTypeController.m */,
			);
			name = ChooseSignUpTypeController;
			sourceTree = "<group>";
		};
		58ACC07B1B3967F80081E546 /* GetStartedController */ = {
			isa = PBXGroup;
			children = (
				58ACC0851B3968DA0081E546 /* BZRGetStartedController.h */,
				58ACC0861B3968DA0081E546 /* BZRGetStartedController.m */,
			);
			name = GetStartedController;
			sourceTree = "<group>";
		};
		58ACC0881B39A33F0081E546 /* BaseAuthController */ = {
			isa = PBXGroup;
			children = (
				58ACC0891B39A35D0081E546 /* BZRBaseAuthController.h */,
				58ACC08A1B39A35D0081E546 /* BZRBaseAuthController.m */,
			);
			name = BaseAuthController;
			sourceTree = "<group>";
		};
		58ACC08C1B39AD2D0081E546 /* DashboardController */ = {
			isa = PBXGroup;
			children = (
				58ACC08D1B39AD490081E546 /* BZRDashboardController.h */,
				58ACC08E1B39AD490081E546 /* BZRDashboardController.m */,
			);
			name = DashboardController;
			sourceTree = "<group>";
		};
		D31C9EB6CC9E9EA49476A0B1 /* Frameworks */ = {
			isa = PBXGroup;
			children = (
				58A91F2E1B3A80A80032607F /* CoreLocation.framework */,
				58219F231B38A5A600A9541A /* QuartzCore.framework */,
				58219F211B38A59F00A9541A /* CoreGraphics.framework */,
				58219F1F1B38A59000A9541A /* Security.framework */,
				58219F1D1B38A58900A9541A /* UIKit.framework */,
				58219F1B1B38A58300A9541A /* Foundation.framework */,
				7AF1FB2A8C4A8673EF3998F1 /* libPods.a */,
			);
			name = Frameworks;
			sourceTree = "<group>";
		};
		FEA134F280DE37482414084B /* Pods */ = {
			isa = PBXGroup;
			children = (
				16E7A55401C14794D2730A8C /* Pods.debug.xcconfig */,
				E535AA4CB211EDDB654D82EC /* Pods.release.xcconfig */,
			);
			name = Pods;
			sourceTree = "<group>";
		};
/* End PBXGroup section */

/* Begin PBXNativeTarget section */
		58A0B20E1B3854CF003C100C /* BizrateRewards */ = {
			isa = PBXNativeTarget;
			buildConfigurationList = 58A0B2321B3854CF003C100C /* Build configuration list for PBXNativeTarget "BizrateRewards" */;
			buildPhases = (
				7C38B15BCC7AF1C43512E319 /* Check Pods Manifest.lock */,
				58A0B20B1B3854CF003C100C /* Sources */,
				58A0B20C1B3854CF003C100C /* Frameworks */,
				58A0B20D1B3854CF003C100C /* Resources */,
				C57F5EDF89D178F001D4AB8B /* Copy Pods Resources */,
			);
			buildRules = (
			);
			dependencies = (
			);
			name = BizrateRewards;
			productName = BizrateRewards;
			productReference = 58A0B20F1B3854CF003C100C /* BizrateRewards.app */;
			productType = "com.apple.product-type.application";
		};
		58A0B2271B3854CF003C100C /* BizrateRewardsTests */ = {
			isa = PBXNativeTarget;
			buildConfigurationList = 58A0B2351B3854CF003C100C /* Build configuration list for PBXNativeTarget "BizrateRewardsTests" */;
			buildPhases = (
				58A0B2241B3854CF003C100C /* Sources */,
				58A0B2251B3854CF003C100C /* Frameworks */,
				58A0B2261B3854CF003C100C /* Resources */,
			);
			buildRules = (
			);
			dependencies = (
				58A0B22A1B3854CF003C100C /* PBXTargetDependency */,
			);
			name = BizrateRewardsTests;
			productName = BizrateRewardsTests;
			productReference = 58A0B2281B3854CF003C100C /* BizrateRewardsTests.xctest */;
			productType = "com.apple.product-type.bundle.unit-test";
		};
/* End PBXNativeTarget section */

/* Begin PBXProject section */
		58A0B2071B3854CF003C100C /* Project object */ = {
			isa = PBXProject;
			attributes = {
				CLASSPREFIX = BZR;
				LastUpgradeCheck = 0630;
				ORGANIZATIONNAME = ThinkMobiles;
				TargetAttributes = {
					58A0B20E1B3854CF003C100C = {
						CreatedOnToolsVersion = 6.3.1;
					};
					58A0B2271B3854CF003C100C = {
						CreatedOnToolsVersion = 6.3.1;
						TestTargetID = 58A0B20E1B3854CF003C100C;
					};
				};
			};
			buildConfigurationList = 58A0B20A1B3854CF003C100C /* Build configuration list for PBXProject "BizrateRewards" */;
			compatibilityVersion = "Xcode 3.2";
			developmentRegion = English;
			hasScannedForEncodings = 0;
			knownRegions = (
				en,
				Base,
			);
			mainGroup = 58A0B2061B3854CF003C100C;
			productRefGroup = 58A0B2101B3854CF003C100C /* Products */;
			projectDirPath = "";
			projectRoot = "";
			targets = (
				58A0B20E1B3854CF003C100C /* BizrateRewards */,
				58A0B2271B3854CF003C100C /* BizrateRewardsTests */,
			);
		};
/* End PBXProject section */

/* Begin PBXResourcesBuildPhase section */
		58A0B20D1B3854CF003C100C /* Resources */ = {
			isa = PBXResourcesBuildPhase;
			buildActionMask = 2147483647;
			files = (
				58A0B21E1B3854CF003C100C /* Main.storyboard in Resources */,
				58A0B2201B3854CF003C100C /* Images.xcassets in Resources */,
			);
			runOnlyForDeploymentPostprocessing = 0;
		};
		58A0B2261B3854CF003C100C /* Resources */ = {
			isa = PBXResourcesBuildPhase;
			buildActionMask = 2147483647;
			files = (
			);
			runOnlyForDeploymentPostprocessing = 0;
		};
/* End PBXResourcesBuildPhase section */

/* Begin PBXShellScriptBuildPhase section */
		7C38B15BCC7AF1C43512E319 /* Check Pods Manifest.lock */ = {
			isa = PBXShellScriptBuildPhase;
			buildActionMask = 2147483647;
			files = (
			);
			inputPaths = (
			);
			name = "Check Pods Manifest.lock";
			outputPaths = (
			);
			runOnlyForDeploymentPostprocessing = 0;
			shellPath = /bin/sh;
			shellScript = "diff \"${PODS_ROOT}/../Podfile.lock\" \"${PODS_ROOT}/Manifest.lock\" > /dev/null\nif [[ $? != 0 ]] ; then\n    cat << EOM\nerror: The sandbox is not in sync with the Podfile.lock. Run 'pod install' or update your CocoaPods installation.\nEOM\n    exit 1\nfi\n";
			showEnvVarsInLog = 0;
		};
		C57F5EDF89D178F001D4AB8B /* Copy Pods Resources */ = {
			isa = PBXShellScriptBuildPhase;
			buildActionMask = 2147483647;
			files = (
			);
			inputPaths = (
			);
			name = "Copy Pods Resources";
			outputPaths = (
			);
			runOnlyForDeploymentPostprocessing = 0;
			shellPath = /bin/sh;
			shellScript = "\"${SRCROOT}/Pods/Target Support Files/Pods/Pods-resources.sh\"\n";
			showEnvVarsInLog = 0;
		};
/* End PBXShellScriptBuildPhase section */

/* Begin PBXSourcesBuildPhase section */
		58A0B20B1B3854CF003C100C /* Sources */ = {
			isa = PBXSourcesBuildPhase;
			buildActionMask = 2147483647;
			files = (
				58ACC08F1B39AD490081E546 /* BZRDashboardController.m in Sources */,
				58219F0D1B38A38600A9541A /* UIView+MakeFromXib.m in Sources */,
				58ACC0841B3968BF0081E546 /* BZRChooseSignUpTypeController.m in Sources */,
				58B574E11B38AE200083A80A /* KeychainItemWrapper.m in Sources */,
				58ACC06A1B3937010081E546 /* BZRPageContentController.m in Sources */,
				58ACC06D1B3937160081E546 /* BZRBaseTutorialController.m in Sources */,
				58ACC0761B395E6A0081E546 /* BZRPrivacyAndTermsController.m in Sources */,
				58A91F331B3A823D0032607F /* BZRLocationObserver.m in Sources */,
				58219EF51B38A2E000A9541A /* BZRNetworkManager.m in Sources */,
				58A0B2181B3854CF003C100C /* AppDelegate.m in Sources */,
				58219F021B38A32700A9541A /* BZRAlertMessageService.m in Sources */,
				58219F111B38A3B200A9541A /* UIImagePickerController+fixOrientation.m in Sources */,
				58ACC0811B39689F0081E546 /* BZRSignUpController.m in Sources */,
				58219F191B38A3F600A9541A /* NSDictionary+JSONRepresentation.m in Sources */,
				58219EF91B38A2EE00A9541A /* BZRDataManager.m in Sources */,
				58ACC08B1B39A35D0081E546 /* BZRBaseAuthController.m in Sources */,
				58219F051B38A33E00A9541A /* UIViewController+fixOrientation.m in Sources */,
				58219EFC1B38A30300A9541A /* BZRValidator.m in Sources */,
				58ACC0721B3938CD0081E546 /* BZRPageViewController.m in Sources */,
				58ACC07E1B3968830081E546 /* BZRSignInController.m in Sources */,
				58219F151B38A3D700A9541A /* NSString+ContainsString.m in Sources */,
				58219F0A1B38A37600A9541A /* UIView+Shaking.m in Sources */,
				58ACC0871B3968DA0081E546 /* BZRGetStartedController.m in Sources */,
				58A0B2151B3854CF003C100C /* main.m in Sources */,
			);
			runOnlyForDeploymentPostprocessing = 0;
		};
		58A0B2241B3854CF003C100C /* Sources */ = {
			isa = PBXSourcesBuildPhase;
			buildActionMask = 2147483647;
			files = (
				58A0B22F1B3854CF003C100C /* BizrateRewardsTests.m in Sources */,
			);
			runOnlyForDeploymentPostprocessing = 0;
		};
/* End PBXSourcesBuildPhase section */

/* Begin PBXTargetDependency section */
		58A0B22A1B3854CF003C100C /* PBXTargetDependency */ = {
			isa = PBXTargetDependency;
			target = 58A0B20E1B3854CF003C100C /* BizrateRewards */;
			targetProxy = 58A0B2291B3854CF003C100C /* PBXContainerItemProxy */;
		};
/* End PBXTargetDependency section */

/* Begin PBXVariantGroup section */
		58A0B21C1B3854CF003C100C /* Main.storyboard */ = {
			isa = PBXVariantGroup;
			children = (
				58A0B21D1B3854CF003C100C /* Base */,
			);
			name = Main.storyboard;
			sourceTree = "<group>";
		};
/* End PBXVariantGroup section */

/* Begin XCBuildConfiguration section */
		58A0B2301B3854CF003C100C /* Debug */ = {
			isa = XCBuildConfiguration;
			buildSettings = {
				ALWAYS_SEARCH_USER_PATHS = NO;
				CLANG_CXX_LANGUAGE_STANDARD = "gnu++0x";
				CLANG_CXX_LIBRARY = "libc++";
				CLANG_ENABLE_MODULES = YES;
				CLANG_ENABLE_OBJC_ARC = YES;
				CLANG_WARN_BOOL_CONVERSION = YES;
				CLANG_WARN_CONSTANT_CONVERSION = YES;
				CLANG_WARN_DIRECT_OBJC_ISA_USAGE = YES_ERROR;
				CLANG_WARN_EMPTY_BODY = YES;
				CLANG_WARN_ENUM_CONVERSION = YES;
				CLANG_WARN_INT_CONVERSION = YES;
				CLANG_WARN_OBJC_ROOT_CLASS = YES_ERROR;
				CLANG_WARN_UNREACHABLE_CODE = YES;
				CLANG_WARN__DUPLICATE_METHOD_MATCH = YES;
				"CODE_SIGN_IDENTITY[sdk=iphoneos*]" = "iPhone Developer";
				COPY_PHASE_STRIP = NO;
				DEBUG_INFORMATION_FORMAT = "dwarf-with-dsym";
				ENABLE_STRICT_OBJC_MSGSEND = YES;
				GCC_C_LANGUAGE_STANDARD = gnu99;
				GCC_DYNAMIC_NO_PIC = NO;
				GCC_NO_COMMON_BLOCKS = YES;
				GCC_OPTIMIZATION_LEVEL = 0;
				GCC_PREPROCESSOR_DEFINITIONS = (
					"DEBUG=1",
					"$(inherited)",
				);
				GCC_SYMBOLS_PRIVATE_EXTERN = NO;
				GCC_WARN_64_TO_32_BIT_CONVERSION = YES;
				GCC_WARN_ABOUT_RETURN_TYPE = YES_ERROR;
				GCC_WARN_UNDECLARED_SELECTOR = YES;
				GCC_WARN_UNINITIALIZED_AUTOS = YES_AGGRESSIVE;
				GCC_WARN_UNUSED_FUNCTION = YES;
				GCC_WARN_UNUSED_VARIABLE = YES;
				IPHONEOS_DEPLOYMENT_TARGET = 8.3;
				MTL_ENABLE_DEBUG_INFO = YES;
				ONLY_ACTIVE_ARCH = YES;
				SDKROOT = iphoneos;
			};
			name = Debug;
		};
		58A0B2311B3854CF003C100C /* Release */ = {
			isa = XCBuildConfiguration;
			buildSettings = {
				ALWAYS_SEARCH_USER_PATHS = NO;
				CLANG_CXX_LANGUAGE_STANDARD = "gnu++0x";
				CLANG_CXX_LIBRARY = "libc++";
				CLANG_ENABLE_MODULES = YES;
				CLANG_ENABLE_OBJC_ARC = YES;
				CLANG_WARN_BOOL_CONVERSION = YES;
				CLANG_WARN_CONSTANT_CONVERSION = YES;
				CLANG_WARN_DIRECT_OBJC_ISA_USAGE = YES_ERROR;
				CLANG_WARN_EMPTY_BODY = YES;
				CLANG_WARN_ENUM_CONVERSION = YES;
				CLANG_WARN_INT_CONVERSION = YES;
				CLANG_WARN_OBJC_ROOT_CLASS = YES_ERROR;
				CLANG_WARN_UNREACHABLE_CODE = YES;
				CLANG_WARN__DUPLICATE_METHOD_MATCH = YES;
				"CODE_SIGN_IDENTITY[sdk=iphoneos*]" = "iPhone Developer";
				COPY_PHASE_STRIP = NO;
				DEBUG_INFORMATION_FORMAT = "dwarf-with-dsym";
				ENABLE_NS_ASSERTIONS = NO;
				ENABLE_STRICT_OBJC_MSGSEND = YES;
				GCC_C_LANGUAGE_STANDARD = gnu99;
				GCC_NO_COMMON_BLOCKS = YES;
				GCC_WARN_64_TO_32_BIT_CONVERSION = YES;
				GCC_WARN_ABOUT_RETURN_TYPE = YES_ERROR;
				GCC_WARN_UNDECLARED_SELECTOR = YES;
				GCC_WARN_UNINITIALIZED_AUTOS = YES_AGGRESSIVE;
				GCC_WARN_UNUSED_FUNCTION = YES;
				GCC_WARN_UNUSED_VARIABLE = YES;
				IPHONEOS_DEPLOYMENT_TARGET = 8.3;
				MTL_ENABLE_DEBUG_INFO = NO;
				SDKROOT = iphoneos;
				VALIDATE_PRODUCT = YES;
			};
			name = Release;
		};
		58A0B2331B3854CF003C100C /* Debug */ = {
			isa = XCBuildConfiguration;
			baseConfigurationReference = 16E7A55401C14794D2730A8C /* Pods.debug.xcconfig */;
			buildSettings = {
				ASSETCATALOG_COMPILER_APPICON_NAME = AppIcon;
				ASSETCATALOG_COMPILER_LAUNCHIMAGE_NAME = LaunchImage;
				GCC_PRECOMPILE_PREFIX_HEADER = YES;
				GCC_PREFIX_HEADER = "BizrateRewards/BizrateRewards-Prefix.pch";
				INFOPLIST_FILE = BizrateRewards/Info.plist;
				IPHONEOS_DEPLOYMENT_TARGET = 7.1;
				LD_RUNPATH_SEARCH_PATHS = "$(inherited) @executable_path/Frameworks";
				PRODUCT_NAME = "$(TARGET_NAME)";
			};
			name = Debug;
		};
		58A0B2341B3854CF003C100C /* Release */ = {
			isa = XCBuildConfiguration;
			baseConfigurationReference = E535AA4CB211EDDB654D82EC /* Pods.release.xcconfig */;
			buildSettings = {
				ASSETCATALOG_COMPILER_APPICON_NAME = AppIcon;
				ASSETCATALOG_COMPILER_LAUNCHIMAGE_NAME = LaunchImage;
				GCC_PRECOMPILE_PREFIX_HEADER = YES;
				GCC_PREFIX_HEADER = "BizrateRewards/BizrateRewards-Prefix.pch";
				INFOPLIST_FILE = BizrateRewards/Info.plist;
				IPHONEOS_DEPLOYMENT_TARGET = 7.1;
				LD_RUNPATH_SEARCH_PATHS = "$(inherited) @executable_path/Frameworks";
				PRODUCT_NAME = "$(TARGET_NAME)";
			};
			name = Release;
		};
		58A0B2361B3854CF003C100C /* Debug */ = {
			isa = XCBuildConfiguration;
			buildSettings = {
				BUNDLE_LOADER = "$(TEST_HOST)";
				FRAMEWORK_SEARCH_PATHS = (
					"$(SDKROOT)/Developer/Library/Frameworks",
					"$(inherited)",
				);
				GCC_PREPROCESSOR_DEFINITIONS = (
					"DEBUG=1",
					"$(inherited)",
				);
				INFOPLIST_FILE = BizrateRewardsTests/Info.plist;
				LD_RUNPATH_SEARCH_PATHS = "$(inherited) @executable_path/Frameworks @loader_path/Frameworks";
				PRODUCT_NAME = "$(TARGET_NAME)";
				TEST_HOST = "$(BUILT_PRODUCTS_DIR)/BizrateRewards.app/BizrateRewards";
			};
			name = Debug;
		};
		58A0B2371B3854CF003C100C /* Release */ = {
			isa = XCBuildConfiguration;
			buildSettings = {
				BUNDLE_LOADER = "$(TEST_HOST)";
				FRAMEWORK_SEARCH_PATHS = (
					"$(SDKROOT)/Developer/Library/Frameworks",
					"$(inherited)",
				);
				INFOPLIST_FILE = BizrateRewardsTests/Info.plist;
				LD_RUNPATH_SEARCH_PATHS = "$(inherited) @executable_path/Frameworks @loader_path/Frameworks";
				PRODUCT_NAME = "$(TARGET_NAME)";
				TEST_HOST = "$(BUILT_PRODUCTS_DIR)/BizrateRewards.app/BizrateRewards";
			};
			name = Release;
		};
/* End XCBuildConfiguration section */

/* Begin XCConfigurationList section */
		58A0B20A1B3854CF003C100C /* Build configuration list for PBXProject "BizrateRewards" */ = {
			isa = XCConfigurationList;
			buildConfigurations = (
				58A0B2301B3854CF003C100C /* Debug */,
				58A0B2311B3854CF003C100C /* Release */,
			);
			defaultConfigurationIsVisible = 0;
			defaultConfigurationName = Release;
		};
		58A0B2321B3854CF003C100C /* Build configuration list for PBXNativeTarget "BizrateRewards" */ = {
			isa = XCConfigurationList;
			buildConfigurations = (
				58A0B2331B3854CF003C100C /* Debug */,
				58A0B2341B3854CF003C100C /* Release */,
			);
			defaultConfigurationIsVisible = 0;
			defaultConfigurationName = Release;
		};
		58A0B2351B3854CF003C100C /* Build configuration list for PBXNativeTarget "BizrateRewardsTests" */ = {
			isa = XCConfigurationList;
			buildConfigurations = (
				58A0B2361B3854CF003C100C /* Debug */,
				58A0B2371B3854CF003C100C /* Release */,
			);
			defaultConfigurationIsVisible = 0;
			defaultConfigurationName = Release;
		};
/* End XCConfigurationList section */
	};
	rootObject = 58A0B2071B3854CF003C100C /* Project object */;
}
